// !$*UTF8*$!
{
	archiveVersion = 1;
	classes = {
	};
	objectVersion = 56;
	objects = {

/* Begin PBXBuildFile section */
		60A58A9729B01F56006E6635 /* AppDelegate.swift in Sources */ = {isa = PBXBuildFile; fileRef = 60A58A9629B01F56006E6635 /* AppDelegate.swift */; };
		60A58A9929B01F56006E6635 /* SceneDelegate.swift in Sources */ = {isa = PBXBuildFile; fileRef = 60A58A9829B01F56006E6635 /* SceneDelegate.swift */; };
		60A58A9B29B01F56006E6635 /* ViewController.swift in Sources */ = {isa = PBXBuildFile; fileRef = 60A58A9A29B01F56006E6635 /* ViewController.swift */; };
		60A58A9E29B01F56006E6635 /* Main.storyboard in Resources */ = {isa = PBXBuildFile; fileRef = 60A58A9C29B01F56006E6635 /* Main.storyboard */; };
		60A58AA029B01F57006E6635 /* Assets.xcassets in Resources */ = {isa = PBXBuildFile; fileRef = 60A58A9F29B01F57006E6635 /* Assets.xcassets */; };
		60A58AA329B01F57006E6635 /* LaunchScreen.storyboard in Resources */ = {isa = PBXBuildFile; fileRef = 60A58AA129B01F57006E6635 /* LaunchScreen.storyboard */; };
		60A58AAE29B01F57006E6635 /* PuppyLoveTests.swift in Sources */ = {isa = PBXBuildFile; fileRef = 60A58AAD29B01F57006E6635 /* PuppyLoveTests.swift */; };
		60A58AB829B01F57006E6635 /* PuppyLoveUITests.swift in Sources */ = {isa = PBXBuildFile; fileRef = 60A58AB729B01F57006E6635 /* PuppyLoveUITests.swift */; };
		60A58ABA29B01F57006E6635 /* PuppyLoveUITestsLaunchTests.swift in Sources */ = {isa = PBXBuildFile; fileRef = 60A58AB929B01F57006E6635 /* PuppyLoveUITestsLaunchTests.swift */; };
/* End PBXBuildFile section */

/* Begin PBXContainerItemProxy section */
		60A58AAA29B01F57006E6635 /* PBXContainerItemProxy */ = {
			isa = PBXContainerItemProxy;
			containerPortal = 60A58A8B29B01F56006E6635 /* Project object */;
			proxyType = 1;
			remoteGlobalIDString = 60A58A9229B01F56006E6635;
			remoteInfo = PuppyLove;
		};
		60A58AB429B01F57006E6635 /* PBXContainerItemProxy */ = {
			isa = PBXContainerItemProxy;
			containerPortal = 60A58A8B29B01F56006E6635 /* Project object */;
			proxyType = 1;
			remoteGlobalIDString = 60A58A9229B01F56006E6635;
			remoteInfo = PuppyLove;
		};
/* End PBXContainerItemProxy section */

/* Begin PBXFileReference section */
		60A58A9329B01F56006E6635 /* PuppyLove.app */ = {isa = PBXFileReference; explicitFileType = wrapper.application; includeInIndex = 0; path = PuppyLove.app; sourceTree = BUILT_PRODUCTS_DIR; };
		60A58A9629B01F56006E6635 /* AppDelegate.swift */ = {isa = PBXFileReference; lastKnownFileType = sourcecode.swift; path = AppDelegate.swift; sourceTree = "<group>"; };
		60A58A9829B01F56006E6635 /* SceneDelegate.swift */ = {isa = PBXFileReference; lastKnownFileType = sourcecode.swift; path = SceneDelegate.swift; sourceTree = "<group>"; };
		60A58A9A29B01F56006E6635 /* ViewController.swift */ = {isa = PBXFileReference; lastKnownFileType = sourcecode.swift; path = ViewController.swift; sourceTree = "<group>"; };
		60A58A9D29B01F56006E6635 /* Base */ = {isa = PBXFileReference; lastKnownFileType = file.storyboard; name = Base; path = Base.lproj/Main.storyboard; sourceTree = "<group>"; };
		60A58A9F29B01F57006E6635 /* Assets.xcassets */ = {isa = PBXFileReference; lastKnownFileType = folder.assetcatalog; path = Assets.xcassets; sourceTree = "<group>"; };
		60A58AA229B01F57006E6635 /* Base */ = {isa = PBXFileReference; lastKnownFileType = file.storyboard; name = Base; path = Base.lproj/LaunchScreen.storyboard; sourceTree = "<group>"; };
		60A58AA429B01F57006E6635 /* Info.plist */ = {isa = PBXFileReference; lastKnownFileType = text.plist.xml; path = Info.plist; sourceTree = "<group>"; };
		60A58AA929B01F57006E6635 /* PuppyLoveTests.xctest */ = {isa = PBXFileReference; explicitFileType = wrapper.cfbundle; includeInIndex = 0; path = PuppyLoveTests.xctest; sourceTree = BUILT_PRODUCTS_DIR; };
		60A58AAD29B01F57006E6635 /* PuppyLoveTests.swift */ = {isa = PBXFileReference; lastKnownFileType = sourcecode.swift; path = PuppyLoveTests.swift; sourceTree = "<group>"; };
		60A58AB329B01F57006E6635 /* PuppyLoveUITests.xctest */ = {isa = PBXFileReference; explicitFileType = wrapper.cfbundle; includeInIndex = 0; path = PuppyLoveUITests.xctest; sourceTree = BUILT_PRODUCTS_DIR; };
		60A58AB729B01F57006E6635 /* PuppyLoveUITests.swift */ = {isa = PBXFileReference; lastKnownFileType = sourcecode.swift; path = PuppyLoveUITests.swift; sourceTree = "<group>"; };
		60A58AB929B01F57006E6635 /* PuppyLoveUITestsLaunchTests.swift */ = {isa = PBXFileReference; lastKnownFileType = sourcecode.swift; path = PuppyLoveUITestsLaunchTests.swift; sourceTree = "<group>"; };
/* End PBXFileReference section */

/* Begin PBXFrameworksBuildPhase section */
		60A58A9029B01F56006E6635 /* Frameworks */ = {
			isa = PBXFrameworksBuildPhase;
			buildActionMask = 2147483647;
			files = (
			);
			runOnlyForDeploymentPostprocessing = 0;
		};
		60A58AA629B01F57006E6635 /* Frameworks */ = {
			isa = PBXFrameworksBuildPhase;
			buildActionMask = 2147483647;
			files = (
			);
			runOnlyForDeploymentPostprocessing = 0;
		};
		60A58AB029B01F57006E6635 /* Frameworks */ = {
			isa = PBXFrameworksBuildPhase;
			buildActionMask = 2147483647;
			files = (
			);
			runOnlyForDeploymentPostprocessing = 0;
		};
/* End PBXFrameworksBuildPhase section */

/* Begin PBXGroup section */
		60A58A8A29B01F56006E6635 = {
			isa = PBXGroup;
			children = (
				60A58A9529B01F56006E6635 /* PuppyLove */,
				60A58AAC29B01F57006E6635 /* PuppyLoveTests */,
				60A58AB629B01F57006E6635 /* PuppyLoveUITests */,
				60A58A9429B01F56006E6635 /* Products */,
			);
			sourceTree = "<group>";
		};
		60A58A9429B01F56006E6635 /* Products */ = {
			isa = PBXGroup;
			children = (
				60A58A9329B01F56006E6635 /* PuppyLove.app */,
				60A58AA929B01F57006E6635 /* PuppyLoveTests.xctest */,
				60A58AB329B01F57006E6635 /* PuppyLoveUITests.xctest */,
			);
			name = Products;
			sourceTree = "<group>";
		};
		60A58A9529B01F56006E6635 /* PuppyLove */ = {
			isa = PBXGroup;
			children = (
				60A58A9629B01F56006E6635 /* AppDelegate.swift */,
				60A58A9829B01F56006E6635 /* SceneDelegate.swift */,
				60A58A9A29B01F56006E6635 /* ViewController.swift */,
				60A58A9C29B01F56006E6635 /* Main.storyboard */,
				60A58A9F29B01F57006E6635 /* Assets.xcassets */,
				60A58AA129B01F57006E6635 /* LaunchScreen.storyboard */,
				60A58AA429B01F57006E6635 /* Info.plist */,
			);
			path = PuppyLove;
			sourceTree = "<group>";
		};
		60A58AAC29B01F57006E6635 /* PuppyLoveTests */ = {
			isa = PBXGroup;
			children = (
				60A58AAD29B01F57006E6635 /* PuppyLoveTests.swift */,
			);
			path = PuppyLoveTests;
			sourceTree = "<group>";
		};
		60A58AB629B01F57006E6635 /* PuppyLoveUITests */ = {
			isa = PBXGroup;
			children = (
				60A58AB729B01F57006E6635 /* PuppyLoveUITests.swift */,
				60A58AB929B01F57006E6635 /* PuppyLoveUITestsLaunchTests.swift */,
			);
			path = PuppyLoveUITests;
			sourceTree = "<group>";
		};
/* End PBXGroup section */

/* Begin PBXNativeTarget section */
		60A58A9229B01F56006E6635 /* PuppyLove */ = {
			isa = PBXNativeTarget;
			buildConfigurationList = 60A58ABD29B01F57006E6635 /* Build configuration list for PBXNativeTarget "PuppyLove" */;
			buildPhases = (
				60A58A8F29B01F56006E6635 /* Sources */,
				60A58A9029B01F56006E6635 /* Frameworks */,
				60A58A9129B01F56006E6635 /* Resources */,
			);
			buildRules = (
			);
			dependencies = (
			);
			name = PuppyLove;
			productName = PuppyLove;
			productReference = 60A58A9329B01F56006E6635 /* PuppyLove.app */;
			productType = "com.apple.product-type.application";
		};
		60A58AA829B01F57006E6635 /* PuppyLoveTests */ = {
			isa = PBXNativeTarget;
			buildConfigurationList = 60A58AC029B01F57006E6635 /* Build configuration list for PBXNativeTarget "PuppyLoveTests" */;
			buildPhases = (
				60A58AA529B01F57006E6635 /* Sources */,
				60A58AA629B01F57006E6635 /* Frameworks */,
				60A58AA729B01F57006E6635 /* Resources */,
			);
			buildRules = (
			);
			dependencies = (
				60A58AAB29B01F57006E6635 /* PBXTargetDependency */,
			);
			name = PuppyLoveTests;
			productName = PuppyLoveTests;
			productReference = 60A58AA929B01F57006E6635 /* PuppyLoveTests.xctest */;
			productType = "com.apple.product-type.bundle.unit-test";
		};
		60A58AB229B01F57006E6635 /* PuppyLoveUITests */ = {
			isa = PBXNativeTarget;
			buildConfigurationList = 60A58AC329B01F57006E6635 /* Build configuration list for PBXNativeTarget "PuppyLoveUITests" */;
			buildPhases = (
				60A58AAF29B01F57006E6635 /* Sources */,
				60A58AB029B01F57006E6635 /* Frameworks */,
				60A58AB129B01F57006E6635 /* Resources */,
			);
			buildRules = (
			);
			dependencies = (
				60A58AB529B01F57006E6635 /* PBXTargetDependency */,
			);
			name = PuppyLoveUITests;
			productName = PuppyLoveUITests;
			productReference = 60A58AB329B01F57006E6635 /* PuppyLoveUITests.xctest */;
			productType = "com.apple.product-type.bundle.ui-testing";
		};
/* End PBXNativeTarget section */

/* Begin PBXProject section */
		60A58A8B29B01F56006E6635 /* Project object */ = {
			isa = PBXProject;
			attributes = {
				BuildIndependentTargetsInParallel = 1;
				LastSwiftUpdateCheck = 1420;
				LastUpgradeCheck = 1420;
				TargetAttributes = {
					60A58A9229B01F56006E6635 = {
						CreatedOnToolsVersion = 14.2;
					};
					60A58AA829B01F57006E6635 = {
						CreatedOnToolsVersion = 14.2;
						TestTargetID = 60A58A9229B01F56006E6635;
					};
					60A58AB229B01F57006E6635 = {
						CreatedOnToolsVersion = 14.2;
						TestTargetID = 60A58A9229B01F56006E6635;
					};
				};
			};
			buildConfigurationList = 60A58A8E29B01F56006E6635 /* Build configuration list for PBXProject "PuppyLove" */;
			compatibilityVersion = "Xcode 14.0";
			developmentRegion = en;
			hasScannedForEncodings = 0;
			knownRegions = (
				en,
				Base,
			);
			mainGroup = 60A58A8A29B01F56006E6635;
			productRefGroup = 60A58A9429B01F56006E6635 /* Products */;
			projectDirPath = "";
			projectRoot = "";
			targets = (
				60A58A9229B01F56006E6635 /* PuppyLove */,
				60A58AA829B01F57006E6635 /* PuppyLoveTests */,
				60A58AB229B01F57006E6635 /* PuppyLoveUITests */,
			);
		};
/* End PBXProject section */

/* Begin PBXResourcesBuildPhase section */
		60A58A9129B01F56006E6635 /* Resources */ = {
			isa = PBXResourcesBuildPhase;
			buildActionMask = 2147483647;
			files = (
				60A58AA329B01F57006E6635 /* LaunchScreen.storyboard in Resources */,
				60A58AA029B01F57006E6635 /* Assets.xcassets in Resources */,
				60A58A9E29B01F56006E6635 /* Main.storyboard in Resources */,
			);
			runOnlyForDeploymentPostprocessing = 0;
		};
		60A58AA729B01F57006E6635 /* Resources */ = {
			isa = PBXResourcesBuildPhase;
			buildActionMask = 2147483647;
			files = (
			);
			runOnlyForDeploymentPostprocessing = 0;
		};
		60A58AB129B01F57006E6635 /* Resources */ = {
			isa = PBXResourcesBuildPhase;
			buildActionMask = 2147483647;
			files = (
			);
			runOnlyForDeploymentPostprocessing = 0;
		};
/* End PBXResourcesBuildPhase section */

/* Begin PBXSourcesBuildPhase section */
		60A58A8F29B01F56006E6635 /* Sources */ = {
			isa = PBXSourcesBuildPhase;
			buildActionMask = 2147483647;
			files = (
				60A58A9B29B01F56006E6635 /* ViewController.swift in Sources */,
				60A58A9729B01F56006E6635 /* AppDelegate.swift in Sources */,
				60A58A9929B01F56006E6635 /* SceneDelegate.swift in Sources */,
			);
			runOnlyForDeploymentPostprocessing = 0;
		};
		60A58AA529B01F57006E6635 /* Sources */ = {
			isa = PBXSourcesBuildPhase;
			buildActionMask = 2147483647;
			files = (
				60A58AAE29B01F57006E6635 /* PuppyLoveTests.swift in Sources */,
			);
			runOnlyForDeploymentPostprocessing = 0;
		};
		60A58AAF29B01F57006E6635 /* Sources */ = {
			isa = PBXSourcesBuildPhase;
			buildActionMask = 2147483647;
			files = (
				60A58AB829B01F57006E6635 /* PuppyLoveUITests.swift in Sources */,
				60A58ABA29B01F57006E6635 /* PuppyLoveUITestsLaunchTests.swift in Sources */,
			);
			runOnlyForDeploymentPostprocessing = 0;
		};
/* End PBXSourcesBuildPhase section */

/* Begin PBXTargetDependency section */
		60A58AAB29B01F57006E6635 /* PBXTargetDependency */ = {
			isa = PBXTargetDependency;
			target = 60A58A9229B01F56006E6635 /* PuppyLove */;
			targetProxy = 60A58AAA29B01F57006E6635 /* PBXContainerItemProxy */;
		};
		60A58AB529B01F57006E6635 /* PBXTargetDependency */ = {
			isa = PBXTargetDependency;
			target = 60A58A9229B01F56006E6635 /* PuppyLove */;
			targetProxy = 60A58AB429B01F57006E6635 /* PBXContainerItemProxy */;
		};
/* End PBXTargetDependency section */

/* Begin PBXVariantGroup section */
		60A58A9C29B01F56006E6635 /* Main.storyboard */ = {
			isa = PBXVariantGroup;
			children = (
				60A58A9D29B01F56006E6635 /* Base */,
			);
			name = Main.storyboard;
			sourceTree = "<group>";
		};
		60A58AA129B01F57006E6635 /* LaunchScreen.storyboard */ = {
			isa = PBXVariantGroup;
			children = (
				60A58AA229B01F57006E6635 /* Base */,
			);
			name = LaunchScreen.storyboard;
			sourceTree = "<group>";
		};
/* End PBXVariantGroup section */

/* Begin XCBuildConfiguration section */
		60A58ABB29B01F57006E6635 /* Debug */ = {
			isa = XCBuildConfiguration;
			buildSettings = {
				ALWAYS_SEARCH_USER_PATHS = NO;
				CLANG_ANALYZER_NONNULL = YES;
				CLANG_ANALYZER_NUMBER_OBJECT_CONVERSION = YES_AGGRESSIVE;
				CLANG_CXX_LANGUAGE_STANDARD = "gnu++20";
				CLANG_ENABLE_MODULES = YES;
				CLANG_ENABLE_OBJC_ARC = YES;
				CLANG_ENABLE_OBJC_WEAK = YES;
				CLANG_WARN_BLOCK_CAPTURE_AUTORELEASING = YES;
				CLANG_WARN_BOOL_CONVERSION = YES;
				CLANG_WARN_COMMA = YES;
				CLANG_WARN_CONSTANT_CONVERSION = YES;
				CLANG_WARN_DEPRECATED_OBJC_IMPLEMENTATIONS = YES;
				CLANG_WARN_DIRECT_OBJC_ISA_USAGE = YES_ERROR;
				CLANG_WARN_DOCUMENTATION_COMMENTS = YES;
				CLANG_WARN_EMPTY_BODY = YES;
				CLANG_WARN_ENUM_CONVERSION = YES;
				CLANG_WARN_INFINITE_RECURSION = YES;
				CLANG_WARN_INT_CONVERSION = YES;
				CLANG_WARN_NON_LITERAL_NULL_CONVERSION = YES;
				CLANG_WARN_OBJC_IMPLICIT_RETAIN_SELF = YES;
				CLANG_WARN_OBJC_LITERAL_CONVERSION = YES;
				CLANG_WARN_OBJC_ROOT_CLASS = YES_ERROR;
				CLANG_WARN_QUOTED_INCLUDE_IN_FRAMEWORK_HEADER = YES;
				CLANG_WARN_RANGE_LOOP_ANALYSIS = YES;
				CLANG_WARN_STRICT_PROTOTYPES = YES;
				CLANG_WARN_SUSPICIOUS_MOVE = YES;
				CLANG_WARN_UNGUARDED_AVAILABILITY = YES_AGGRESSIVE;
				CLANG_WARN_UNREACHABLE_CODE = YES;
				CLANG_WARN__DUPLICATE_METHOD_MATCH = YES;
				COPY_PHASE_STRIP = NO;
				DEBUG_INFORMATION_FORMAT = dwarf;
				ENABLE_STRICT_OBJC_MSGSEND = YES;
				ENABLE_TESTABILITY = YES;
				GCC_C_LANGUAGE_STANDARD = gnu11;
				GCC_DYNAMIC_NO_PIC = NO;
				GCC_NO_COMMON_BLOCKS = YES;
				GCC_OPTIMIZATION_LEVEL = 0;
				GCC_PREPROCESSOR_DEFINITIONS = (
					"DEBUG=1",
					"$(inherited)",
				);
				GCC_WARN_64_TO_32_BIT_CONVERSION = YES;
				GCC_WARN_ABOUT_RETURN_TYPE = YES_ERROR;
				GCC_WARN_UNDECLARED_SELECTOR = YES;
				GCC_WARN_UNINITIALIZED_AUTOS = YES_AGGRESSIVE;
				GCC_WARN_UNUSED_FUNCTION = YES;
				GCC_WARN_UNUSED_VARIABLE = YES;
				IPHONEOS_DEPLOYMENT_TARGET = 16.2;
				MTL_ENABLE_DEBUG_INFO = INCLUDE_SOURCE;
				MTL_FAST_MATH = YES;
				ONLY_ACTIVE_ARCH = YES;
				SDKROOT = iphoneos;
				SWIFT_ACTIVE_COMPILATION_CONDITIONS = DEBUG;
				SWIFT_OPTIMIZATION_LEVEL = "-Onone";
			};
			name = Debug;
		};
		60A58ABC29B01F57006E6635 /* Release */ = {
			isa = XCBuildConfiguration;
			buildSettings = {
				ALWAYS_SEARCH_USER_PATHS = NO;
				CLANG_ANALYZER_NONNULL = YES;
				CLANG_ANALYZER_NUMBER_OBJECT_CONVERSION = YES_AGGRESSIVE;
				CLANG_CXX_LANGUAGE_STANDARD = "gnu++20";
				CLANG_ENABLE_MODULES = YES;
				CLANG_ENABLE_OBJC_ARC = YES;
				CLANG_ENABLE_OBJC_WEAK = YES;
				CLANG_WARN_BLOCK_CAPTURE_AUTORELEASING = YES;
				CLANG_WARN_BOOL_CONVERSION = YES;
				CLANG_WARN_COMMA = YES;
				CLANG_WARN_CONSTANT_CONVERSION = YES;
				CLANG_WARN_DEPRECATED_OBJC_IMPLEMENTATIONS = YES;
				CLANG_WARN_DIRECT_OBJC_ISA_USAGE = YES_ERROR;
				CLANG_WARN_DOCUMENTATION_COMMENTS = YES;
				CLANG_WARN_EMPTY_BODY = YES;
				CLANG_WARN_ENUM_CONVERSION = YES;
				CLANG_WARN_INFINITE_RECURSION = YES;
				CLANG_WARN_INT_CONVERSION = YES;
				CLANG_WARN_NON_LITERAL_NULL_CONVERSION = YES;
				CLANG_WARN_OBJC_IMPLICIT_RETAIN_SELF = YES;
				CLANG_WARN_OBJC_LITERAL_CONVERSION = YES;
				CLANG_WARN_OBJC_ROOT_CLASS = YES_ERROR;
				CLANG_WARN_QUOTED_INCLUDE_IN_FRAMEWORK_HEADER = YES;
				CLANG_WARN_RANGE_LOOP_ANALYSIS = YES;
				CLANG_WARN_STRICT_PROTOTYPES = YES;
				CLANG_WARN_SUSPICIOUS_MOVE = YES;
				CLANG_WARN_UNGUARDED_AVAILABILITY = YES_AGGRESSIVE;
				CLANG_WARN_UNREACHABLE_CODE = YES;
				CLANG_WARN__DUPLICATE_METHOD_MATCH = YES;
				COPY_PHASE_STRIP = NO;
				DEBUG_INFORMATION_FORMAT = "dwarf-with-dsym";
				ENABLE_NS_ASSERTIONS = NO;
				ENABLE_STRICT_OBJC_MSGSEND = YES;
				GCC_C_LANGUAGE_STANDARD = gnu11;
				GCC_NO_COMMON_BLOCKS = YES;
				GCC_WARN_64_TO_32_BIT_CONVERSION = YES;
				GCC_WARN_ABOUT_RETURN_TYPE = YES_ERROR;
				GCC_WARN_UNDECLARED_SELECTOR = YES;
				GCC_WARN_UNINITIALIZED_AUTOS = YES_AGGRESSIVE;
				GCC_WARN_UNUSED_FUNCTION = YES;
				GCC_WARN_UNUSED_VARIABLE = YES;
				IPHONEOS_DEPLOYMENT_TARGET = 16.2;
				MTL_ENABLE_DEBUG_INFO = NO;
				MTL_FAST_MATH = YES;
				SDKROOT = iphoneos;
				SWIFT_COMPILATION_MODE = wholemodule;
				SWIFT_OPTIMIZATION_LEVEL = "-O";
				VALIDATE_PRODUCT = YES;
			};
			name = Release;
		};
		60A58ABE29B01F57006E6635 /* Debug */ = {
			isa = XCBuildConfiguration;
			buildSettings = {
				ASSETCATALOG_COMPILER_APPICON_NAME = AppIcon;
				ASSETCATALOG_COMPILER_GLOBAL_ACCENT_COLOR_NAME = AccentColor;
				CODE_SIGN_STYLE = Automatic;
				CURRENT_PROJECT_VERSION = 1;
				DEVELOPMENT_TEAM = V66SURL694;
				GENERATE_INFOPLIST_FILE = YES;
				INFOPLIST_FILE = PuppyLove/Info.plist;
				INFOPLIST_KEY_UIApplicationSupportsIndirectInputEvents = YES;
				INFOPLIST_KEY_UILaunchStoryboardName = LaunchScreen;
				INFOPLIST_KEY_UIMainStoryboardFile = Main;
				INFOPLIST_KEY_UISupportedInterfaceOrientations_iPad = "UIInterfaceOrientationPortrait UIInterfaceOrientationPortraitUpsideDown UIInterfaceOrientationLandscapeLeft UIInterfaceOrientationLandscapeRight";
				INFOPLIST_KEY_UISupportedInterfaceOrientations_iPhone = "UIInterfaceOrientationPortrait UIInterfaceOrientationLandscapeLeft UIInterfaceOrientationLandscapeRight";
				LD_RUNPATH_SEARCH_PATHS = (
					"$(inherited)",
					"@executable_path/Frameworks",
				);
				MARKETING_VERSION = 1.0;
				PRODUCT_BUNDLE_IDENTIFIER = PuppyLove.PuppyLove;
				PRODUCT_NAME = "$(TARGET_NAME)";
				SWIFT_EMIT_LOC_STRINGS = YES;
				SWIFT_VERSION = 5.0;
				TARGETED_DEVICE_FAMILY = "1,2";
			};
			name = Debug;
		};
		60A58ABF29B01F57006E6635 /* Release */ = {
			isa = XCBuildConfiguration;
			buildSettings = {
				ASSETCATALOG_COMPILER_APPICON_NAME = AppIcon;
				ASSETCATALOG_COMPILER_GLOBAL_ACCENT_COLOR_NAME = AccentColor;
				CODE_SIGN_STYLE = Automatic;
				CURRENT_PROJECT_VERSION = 1;
				DEVELOPMENT_TEAM = V66SURL694;
				GENERATE_INFOPLIST_FILE = YES;
				INFOPLIST_FILE = PuppyLove/Info.plist;
				INFOPLIST_KEY_UIApplicationSupportsIndirectInputEvents = YES;
				INFOPLIST_KEY_UILaunchStoryboardName = LaunchScreen;
				INFOPLIST_KEY_UIMainStoryboardFile = Main;
				INFOPLIST_KEY_UISupportedInterfaceOrientations_iPad = "UIInterfaceOrientationPortrait UIInterfaceOrientationPortraitUpsideDown UIInterfaceOrientationLandscapeLeft UIInterfaceOrientationLandscapeRight";
				INFOPLIST_KEY_UISupportedInterfaceOrientations_iPhone = "UIInterfaceOrientationPortrait UIInterfaceOrientationLandscapeLeft UIInterfaceOrientationLandscapeRight";
				LD_RUNPATH_SEARCH_PATHS = (
					"$(inherited)",
					"@executable_path/Frameworks",
				);
				MARKETING_VERSION = 1.0;
				PRODUCT_BUNDLE_IDENTIFIER = PuppyLove.PuppyLove;
				PRODUCT_NAME = "$(TARGET_NAME)";
				SWIFT_EMIT_LOC_STRINGS = YES;
				SWIFT_VERSION = 5.0;
				TARGETED_DEVICE_FAMILY = "1,2";
			};
			name = Release;
		};
		60A58AC129B01F57006E6635 /* Debug */ = {
			isa = XCBuildConfiguration;
			buildSettings = {
				ALWAYS_EMBED_SWIFT_STANDARD_LIBRARIES = YES;
				BUNDLE_LOADER = "$(TEST_HOST)";
				CODE_SIGN_STYLE = Automatic;
				CURRENT_PROJECT_VERSION = 1;
				DEVELOPMENT_TEAM = V66SURL694;
				GENERATE_INFOPLIST_FILE = YES;
				IPHONEOS_DEPLOYMENT_TARGET = 16.2;
				MARKETING_VERSION = 1.0;
				PRODUCT_BUNDLE_IDENTIFIER = PuppyLove.PuppyLoveTests;
				PRODUCT_NAME = "$(TARGET_NAME)";
				SWIFT_EMIT_LOC_STRINGS = NO;
				SWIFT_VERSION = 5.0;
				TARGETED_DEVICE_FAMILY = "1,2";
				TEST_HOST = "$(BUILT_PRODUCTS_DIR)/PuppyLove.app/$(BUNDLE_EXECUTABLE_FOLDER_PATH)/PuppyLove";
			};
			name = Debug;
		};
		60A58AC229B01F57006E6635 /* Release */ = {
			isa = XCBuildConfiguration;
			buildSettings = {
				ALWAYS_EMBED_SWIFT_STANDARD_LIBRARIES = YES;
				BUNDLE_LOADER = "$(TEST_HOST)";
				CODE_SIGN_STYLE = Automatic;
				CURRENT_PROJECT_VERSION = 1;
				DEVELOPMENT_TEAM = V66SURL694;
				GENERATE_INFOPLIST_FILE = YES;
				IPHONEOS_DEPLOYMENT_TARGET = 16.2;
				MARKETING_VERSION = 1.0;
				PRODUCT_BUNDLE_IDENTIFIER = PuppyLove.PuppyLoveTests;
				PRODUCT_NAME = "$(TARGET_NAME)";
				SWIFT_EMIT_LOC_STRINGS = NO;
				SWIFT_VERSION = 5.0;
				TARGETED_DEVICE_FAMILY = "1,2";
				TEST_HOST = "$(BUILT_PRODUCTS_DIR)/PuppyLove.app/$(BUNDLE_EXECUTABLE_FOLDER_PATH)/PuppyLove";
			};
			name = Release;
		};
		60A58AC429B01F57006E6635 /* Debug */ = {
			isa = XCBuildConfiguration;
			buildSettings = {
				ALWAYS_EMBED_SWIFT_STANDARD_LIBRARIES = YES;
				CODE_SIGN_STYLE = Automatic;
				CURRENT_PROJECT_VERSION = 1;
				DEVELOPMENT_TEAM = V66SURL694;
				GENERATE_INFOPLIST_FILE = YES;
				MARKETING_VERSION = 1.0;
				PRODUCT_BUNDLE_IDENTIFIER = PuppyLove.PuppyLoveUITests;
				PRODUCT_NAME = "$(TARGET_NAME)";
				SWIFT_EMIT_LOC_STRINGS = NO;
				SWIFT_VERSION = 5.0;
				TARGETED_DEVICE_FAMILY = "1,2";
				TEST_TARGET_NAME = PuppyLove;
			};
			name = Debug;
		};
		60A58AC529B01F57006E6635 /* Release */ = {
			isa = XCBuildConfiguration;
			buildSettings = {
				ALWAYS_EMBED_SWIFT_STANDARD_LIBRARIES = YES;
				CODE_SIGN_STYLE = Automatic;
				CURRENT_PROJECT_VERSION = 1;
				DEVELOPMENT_TEAM = V66SURL694;
				GENERATE_INFOPLIST_FILE = YES;
				MARKETING_VERSION = 1.0;
				PRODUCT_BUNDLE_IDENTIFIER = PuppyLove.PuppyLoveUITests;
				PRODUCT_NAME = "$(TARGET_NAME)";
				SWIFT_EMIT_LOC_STRINGS = NO;
				SWIFT_VERSION = 5.0;
				TARGETED_DEVICE_FAMILY = "1,2";
				TEST_TARGET_NAME = PuppyLove;
			};
			name = Release;
		};
/* End XCBuildConfiguration section */

/* Begin XCConfigurationList section */
		60A58A8E29B01F56006E6635 /* Build configuration list for PBXProject "PuppyLove" */ = {
			isa = XCConfigurationList;
			buildConfigurations = (
				60A58ABB29B01F57006E6635 /* Debug */,
				60A58ABC29B01F57006E6635 /* Release */,
			);
			defaultConfigurationIsVisible = 0;
			defaultConfigurationName = Release;
		};
		60A58ABD29B01F57006E6635 /* Build configuration list for PBXNativeTarget "PuppyLove" */ = {
			isa = XCConfigurationList;
			buildConfigurations = (
				60A58ABE29B01F57006E6635 /* Debug */,
				60A58ABF29B01F57006E6635 /* Release */,
			);
			defaultConfigurationIsVisible = 0;
			defaultConfigurationName = Release;
		};
		60A58AC029B01F57006E6635 /* Build configuration list for PBXNativeTarget "PuppyLoveTests" */ = {
			isa = XCConfigurationList;
			buildConfigurations = (
				60A58AC129B01F57006E6635 /* Debug */,
				60A58AC229B01F57006E6635 /* Release */,
			);
			defaultConfigurationIsVisible = 0;
			defaultConfigurationName = Release;
		};
		60A58AC329B01F57006E6635 /* Build configuration list for PBXNativeTarget "PuppyLoveUITests" */ = {
			isa = XCConfigurationList;
			buildConfigurations = (
				60A58AC429B01F57006E6635 /* Debug */,
				60A58AC529B01F57006E6635 /* Release */,
			);
			defaultConfigurationIsVisible = 0;
			defaultConfigurationName = Release;
		};
/* End XCConfigurationList section */
	};
	rootObject = 60A58A8B29B01F56006E6635 /* Project object */;
}
