// !$*UTF8*$!
{
	archiveVersion = 1;
	classes = {
	};
	objectVersion = 56;
	objects = {

/* Begin PBXBuildFile section */
		CE63D0A129AC298600638539 /* PuppyLoveApp.swift in Sources */ = {isa = PBXBuildFile; fileRef = CE63D0A029AC298600638539 /* PuppyLoveApp.swift */; };
		CE63D0A329AC298600638539 /* ContentView.swift in Sources */ = {isa = PBXBuildFile; fileRef = CE63D0A229AC298600638539 /* ContentView.swift */; };
		CE63D0A529AC298900638539 /* Assets.xcassets in Resources */ = {isa = PBXBuildFile; fileRef = CE63D0A429AC298900638539 /* Assets.xcassets */; };
		CE63D0A929AC298900638539 /* Preview Assets.xcassets in Resources */ = {isa = PBXBuildFile; fileRef = CE63D0A829AC298900638539 /* Preview Assets.xcassets */; };
		CE63D0B329AC298900638539 /* PuppyLoveTests.swift in Sources */ = {isa = PBXBuildFile; fileRef = CE63D0B229AC298900638539 /* PuppyLoveTests.swift */; };
		CE63D0BD29AC298900638539 /* PuppyLoveUITests.swift in Sources */ = {isa = PBXBuildFile; fileRef = CE63D0BC29AC298900638539 /* PuppyLoveUITests.swift */; };
		CE63D0BF29AC298900638539 /* PuppyLoveUITestsLaunchTests.swift in Sources */ = {isa = PBXBuildFile; fileRef = CE63D0BE29AC298900638539 /* PuppyLoveUITestsLaunchTests.swift */; };
/* End PBXBuildFile section */

/* Begin PBXContainerItemProxy section */
		CE63D0AF29AC298900638539 /* PBXContainerItemProxy */ = {
			isa = PBXContainerItemProxy;
			containerPortal = CE63D09529AC298600638539 /* Project object */;
			proxyType = 1;
			remoteGlobalIDString = CE63D09C29AC298600638539;
			remoteInfo = PuppyLove;
		};
		CE63D0B929AC298900638539 /* PBXContainerItemProxy */ = {
			isa = PBXContainerItemProxy;
			containerPortal = CE63D09529AC298600638539 /* Project object */;
			proxyType = 1;
			remoteGlobalIDString = CE63D09C29AC298600638539;
			remoteInfo = PuppyLove;
		};
/* End PBXContainerItemProxy section */

/* Begin PBXFileReference section */
		CE63D09D29AC298600638539 /* PuppyLove.app */ = {isa = PBXFileReference; explicitFileType = wrapper.application; includeInIndex = 0; path = PuppyLove.app; sourceTree = BUILT_PRODUCTS_DIR; };
		CE63D0A029AC298600638539 /* PuppyLoveApp.swift */ = {isa = PBXFileReference; lastKnownFileType = sourcecode.swift; path = PuppyLoveApp.swift; sourceTree = "<group>"; };
		CE63D0A229AC298600638539 /* ContentView.swift */ = {isa = PBXFileReference; lastKnownFileType = sourcecode.swift; path = ContentView.swift; sourceTree = "<group>"; };
		CE63D0A429AC298900638539 /* Assets.xcassets */ = {isa = PBXFileReference; lastKnownFileType = folder.assetcatalog; path = Assets.xcassets; sourceTree = "<group>"; };
		CE63D0A629AC298900638539 /* PuppyLove.entitlements */ = {isa = PBXFileReference; lastKnownFileType = text.plist.entitlements; path = PuppyLove.entitlements; sourceTree = "<group>"; };
		CE63D0A829AC298900638539 /* Preview Assets.xcassets */ = {isa = PBXFileReference; lastKnownFileType = folder.assetcatalog; path = "Preview Assets.xcassets"; sourceTree = "<group>"; };
		CE63D0AE29AC298900638539 /* PuppyLoveTests.xctest */ = {isa = PBXFileReference; explicitFileType = wrapper.cfbundle; includeInIndex = 0; path = PuppyLoveTests.xctest; sourceTree = BUILT_PRODUCTS_DIR; };
		CE63D0B229AC298900638539 /* PuppyLoveTests.swift */ = {isa = PBXFileReference; lastKnownFileType = sourcecode.swift; path = PuppyLoveTests.swift; sourceTree = "<group>"; };
		CE63D0B829AC298900638539 /* PuppyLoveUITests.xctest */ = {isa = PBXFileReference; explicitFileType = wrapper.cfbundle; includeInIndex = 0; path = PuppyLoveUITests.xctest; sourceTree = BUILT_PRODUCTS_DIR; };
		CE63D0BC29AC298900638539 /* PuppyLoveUITests.swift */ = {isa = PBXFileReference; lastKnownFileType = sourcecode.swift; path = PuppyLoveUITests.swift; sourceTree = "<group>"; };
		CE63D0BE29AC298900638539 /* PuppyLoveUITestsLaunchTests.swift */ = {isa = PBXFileReference; lastKnownFileType = sourcecode.swift; path = PuppyLoveUITestsLaunchTests.swift; sourceTree = "<group>"; };
/* End PBXFileReference section */

/* Begin PBXFrameworksBuildPhase section */
		CE63D09A29AC298600638539 /* Frameworks */ = {
			isa = PBXFrameworksBuildPhase;
			buildActionMask = 2147483647;
			files = (
			);
			runOnlyForDeploymentPostprocessing = 0;
		};
		CE63D0AB29AC298900638539 /* Frameworks */ = {
			isa = PBXFrameworksBuildPhase;
			buildActionMask = 2147483647;
			files = (
			);
			runOnlyForDeploymentPostprocessing = 0;
		};
		CE63D0B529AC298900638539 /* Frameworks */ = {
			isa = PBXFrameworksBuildPhase;
			buildActionMask = 2147483647;
			files = (
			);
			runOnlyForDeploymentPostprocessing = 0;
		};
/* End PBXFrameworksBuildPhase section */

/* Begin PBXGroup section */
		CE63D09429AC298600638539 = {
			isa = PBXGroup;
			children = (
				CE63D09F29AC298600638539 /* PuppyLove */,
				CE63D0B129AC298900638539 /* PuppyLoveTests */,
				CE63D0BB29AC298900638539 /* PuppyLoveUITests */,
				CE63D09E29AC298600638539 /* Products */,
			);
			sourceTree = "<group>";
		};
		CE63D09E29AC298600638539 /* Products */ = {
			isa = PBXGroup;
			children = (
				CE63D09D29AC298600638539 /* PuppyLove.app */,
				CE63D0AE29AC298900638539 /* PuppyLoveTests.xctest */,
				CE63D0B829AC298900638539 /* PuppyLoveUITests.xctest */,
			);
			name = Products;
			sourceTree = "<group>";
		};
		CE63D09F29AC298600638539 /* PuppyLove */ = {
			isa = PBXGroup;
			children = (
				CE63D0A029AC298600638539 /* PuppyLoveApp.swift */,
				CE63D0A229AC298600638539 /* ContentView.swift */,
				CE63D0A429AC298900638539 /* Assets.xcassets */,
				CE63D0A629AC298900638539 /* PuppyLove.entitlements */,
				CE63D0A729AC298900638539 /* Preview Content */,
			);
			path = PuppyLove;
			sourceTree = "<group>";
		};
		CE63D0A729AC298900638539 /* Preview Content */ = {
			isa = PBXGroup;
			children = (
				CE63D0A829AC298900638539 /* Preview Assets.xcassets */,
			);
			path = "Preview Content";
			sourceTree = "<group>";
		};
		CE63D0B129AC298900638539 /* PuppyLoveTests */ = {
			isa = PBXGroup;
			children = (
				CE63D0B229AC298900638539 /* PuppyLoveTests.swift */,
			);
			path = PuppyLoveTests;
			sourceTree = "<group>";
		};
		CE63D0BB29AC298900638539 /* PuppyLoveUITests */ = {
			isa = PBXGroup;
			children = (
				CE63D0BC29AC298900638539 /* PuppyLoveUITests.swift */,
				CE63D0BE29AC298900638539 /* PuppyLoveUITestsLaunchTests.swift */,
			);
			path = PuppyLoveUITests;
			sourceTree = "<group>";
		};
/* End PBXGroup section */

/* Begin PBXNativeTarget section */
		CE63D09C29AC298600638539 /* PuppyLove */ = {
			isa = PBXNativeTarget;
			buildConfigurationList = CE63D0C229AC298900638539 /* Build configuration list for PBXNativeTarget "PuppyLove" */;
			buildPhases = (
				CE63D09929AC298600638539 /* Sources */,
				CE63D09A29AC298600638539 /* Frameworks */,
				CE63D09B29AC298600638539 /* Resources */,
			);
			buildRules = (
			);
			dependencies = (
			);
			name = PuppyLove;
			productName = PuppyLove;
			productReference = CE63D09D29AC298600638539 /* PuppyLove.app */;
			productType = "com.apple.product-type.application";
		};
		CE63D0AD29AC298900638539 /* PuppyLoveTests */ = {
			isa = PBXNativeTarget;
			buildConfigurationList = CE63D0C529AC298900638539 /* Build configuration list for PBXNativeTarget "PuppyLoveTests" */;
			buildPhases = (
				CE63D0AA29AC298900638539 /* Sources */,
				CE63D0AB29AC298900638539 /* Frameworks */,
				CE63D0AC29AC298900638539 /* Resources */,
			);
			buildRules = (
			);
			dependencies = (
				CE63D0B029AC298900638539 /* PBXTargetDependency */,
			);
			name = PuppyLoveTests;
			productName = PuppyLoveTests;
			productReference = CE63D0AE29AC298900638539 /* PuppyLoveTests.xctest */;
			productType = "com.apple.product-type.bundle.unit-test";
		};
		CE63D0B729AC298900638539 /* PuppyLoveUITests */ = {
			isa = PBXNativeTarget;
			buildConfigurationList = CE63D0C829AC298900638539 /* Build configuration list for PBXNativeTarget "PuppyLoveUITests" */;
			buildPhases = (
				CE63D0B429AC298900638539 /* Sources */,
				CE63D0B529AC298900638539 /* Frameworks */,
				CE63D0B629AC298900638539 /* Resources */,
			);
			buildRules = (
			);
			dependencies = (
				CE63D0BA29AC298900638539 /* PBXTargetDependency */,
			);
			name = PuppyLoveUITests;
			productName = PuppyLoveUITests;
			productReference = CE63D0B829AC298900638539 /* PuppyLoveUITests.xctest */;
			productType = "com.apple.product-type.bundle.ui-testing";
		};
/* End PBXNativeTarget section */

/* Begin PBXProject section */
		CE63D09529AC298600638539 /* Project object */ = {
			isa = PBXProject;
			attributes = {
				BuildIndependentTargetsInParallel = 1;
				LastSwiftUpdateCheck = 1420;
				LastUpgradeCheck = 1420;
				TargetAttributes = {
					CE63D09C29AC298600638539 = {
						CreatedOnToolsVersion = 14.2;
					};
					CE63D0AD29AC298900638539 = {
						CreatedOnToolsVersion = 14.2;
						TestTargetID = CE63D09C29AC298600638539;
					};
					CE63D0B729AC298900638539 = {
						CreatedOnToolsVersion = 14.2;
						TestTargetID = CE63D09C29AC298600638539;
					};
				};
			};
			buildConfigurationList = CE63D09829AC298600638539 /* Build configuration list for PBXProject "PuppyLove" */;
			compatibilityVersion = "Xcode 14.0";
			developmentRegion = en;
			hasScannedForEncodings = 0;
			knownRegions = (
				en,
				Base,
			);
			mainGroup = CE63D09429AC298600638539;
			productRefGroup = CE63D09E29AC298600638539 /* Products */;
			projectDirPath = "";
			projectRoot = "";
			targets = (
				CE63D09C29AC298600638539 /* PuppyLove */,
				CE63D0AD29AC298900638539 /* PuppyLoveTests */,
				CE63D0B729AC298900638539 /* PuppyLoveUITests */,
			);
		};
/* End PBXProject section */

/* Begin PBXResourcesBuildPhase section */
		CE63D09B29AC298600638539 /* Resources */ = {
			isa = PBXResourcesBuildPhase;
			buildActionMask = 2147483647;
			files = (
				CE63D0A929AC298900638539 /* Preview Assets.xcassets in Resources */,
				CE63D0A529AC298900638539 /* Assets.xcassets in Resources */,
			);
			runOnlyForDeploymentPostprocessing = 0;
		};
		CE63D0AC29AC298900638539 /* Resources */ = {
			isa = PBXResourcesBuildPhase;
			buildActionMask = 2147483647;
			files = (
			);
			runOnlyForDeploymentPostprocessing = 0;
		};
		CE63D0B629AC298900638539 /* Resources */ = {
			isa = PBXResourcesBuildPhase;
			buildActionMask = 2147483647;
			files = (
			);
			runOnlyForDeploymentPostprocessing = 0;
		};
/* End PBXResourcesBuildPhase section */

/* Begin PBXSourcesBuildPhase section */
		CE63D09929AC298600638539 /* Sources */ = {
			isa = PBXSourcesBuildPhase;
			buildActionMask = 2147483647;
			files = (
				CE63D0A329AC298600638539 /* ContentView.swift in Sources */,
				CE63D0A129AC298600638539 /* PuppyLoveApp.swift in Sources */,
			);
			runOnlyForDeploymentPostprocessing = 0;
		};
		CE63D0AA29AC298900638539 /* Sources */ = {
			isa = PBXSourcesBuildPhase;
			buildActionMask = 2147483647;
			files = (
				CE63D0B329AC298900638539 /* PuppyLoveTests.swift in Sources */,
			);
			runOnlyForDeploymentPostprocessing = 0;
		};
		CE63D0B429AC298900638539 /* Sources */ = {
			isa = PBXSourcesBuildPhase;
			buildActionMask = 2147483647;
			files = (
				CE63D0BD29AC298900638539 /* PuppyLoveUITests.swift in Sources */,
				CE63D0BF29AC298900638539 /* PuppyLoveUITestsLaunchTests.swift in Sources */,
			);
			runOnlyForDeploymentPostprocessing = 0;
		};
/* End PBXSourcesBuildPhase section */

/* Begin PBXTargetDependency section */
		CE63D0B029AC298900638539 /* PBXTargetDependency */ = {
			isa = PBXTargetDependency;
			target = CE63D09C29AC298600638539 /* PuppyLove */;
			targetProxy = CE63D0AF29AC298900638539 /* PBXContainerItemProxy */;
		};
		CE63D0BA29AC298900638539 /* PBXTargetDependency */ = {
			isa = PBXTargetDependency;
			target = CE63D09C29AC298600638539 /* PuppyLove */;
			targetProxy = CE63D0B929AC298900638539 /* PBXContainerItemProxy */;
		};
/* End PBXTargetDependency section */

/* Begin XCBuildConfiguration section */
		CE63D0C029AC298900638539 /* Debug */ = {
			isa = XCBuildConfiguration;
			buildSettings = {
				ALWAYS_SEARCH_USER_PATHS = NO;
				CLANG_ANALYZER_NONNULL = YES;
				CLANG_ANALYZER_NUMBER_OBJECT_CONVERSION = YES_AGGRESSIVE;
				CLANG_CXX_LANGUAGE_STANDARD = "gnu++20";
				CLANG_ENABLE_MODULES = YES;
				CLANG_ENABLE_OBJC_ARC = YES;
				CLANG_ENABLE_OBJC_WEAK = YES;
				CLANG_WARN_BLOCK_CAPTURE_AUTORELEASING = YES;
				CLANG_WARN_BOOL_CONVERSION = YES;
				CLANG_WARN_COMMA = YES;
				CLANG_WARN_CONSTANT_CONVERSION = YES;
				CLANG_WARN_DEPRECATED_OBJC_IMPLEMENTATIONS = YES;
				CLANG_WARN_DIRECT_OBJC_ISA_USAGE = YES_ERROR;
				CLANG_WARN_DOCUMENTATION_COMMENTS = YES;
				CLANG_WARN_EMPTY_BODY = YES;
				CLANG_WARN_ENUM_CONVERSION = YES;
				CLANG_WARN_INFINITE_RECURSION = YES;
				CLANG_WARN_INT_CONVERSION = YES;
				CLANG_WARN_NON_LITERAL_NULL_CONVERSION = YES;
				CLANG_WARN_OBJC_IMPLICIT_RETAIN_SELF = YES;
				CLANG_WARN_OBJC_LITERAL_CONVERSION = YES;
				CLANG_WARN_OBJC_ROOT_CLASS = YES_ERROR;
				CLANG_WARN_QUOTED_INCLUDE_IN_FRAMEWORK_HEADER = YES;
				CLANG_WARN_RANGE_LOOP_ANALYSIS = YES;
				CLANG_WARN_STRICT_PROTOTYPES = YES;
				CLANG_WARN_SUSPICIOUS_MOVE = YES;
				CLANG_WARN_UNGUARDED_AVAILABILITY = YES_AGGRESSIVE;
				CLANG_WARN_UNREACHABLE_CODE = YES;
				CLANG_WARN__DUPLICATE_METHOD_MATCH = YES;
				COPY_PHASE_STRIP = NO;
				DEBUG_INFORMATION_FORMAT = dwarf;
				ENABLE_STRICT_OBJC_MSGSEND = YES;
				ENABLE_TESTABILITY = YES;
				GCC_C_LANGUAGE_STANDARD = gnu11;
				GCC_DYNAMIC_NO_PIC = NO;
				GCC_NO_COMMON_BLOCKS = YES;
				GCC_OPTIMIZATION_LEVEL = 0;
				GCC_PREPROCESSOR_DEFINITIONS = (
					"DEBUG=1",
					"$(inherited)",
				);
				GCC_WARN_64_TO_32_BIT_CONVERSION = YES;
				GCC_WARN_ABOUT_RETURN_TYPE = YES_ERROR;
				GCC_WARN_UNDECLARED_SELECTOR = YES;
				GCC_WARN_UNINITIALIZED_AUTOS = YES_AGGRESSIVE;
				GCC_WARN_UNUSED_FUNCTION = YES;
				GCC_WARN_UNUSED_VARIABLE = YES;
				MTL_ENABLE_DEBUG_INFO = INCLUDE_SOURCE;
				MTL_FAST_MATH = YES;
				ONLY_ACTIVE_ARCH = YES;
				SWIFT_ACTIVE_COMPILATION_CONDITIONS = DEBUG;
				SWIFT_OPTIMIZATION_LEVEL = "-Onone";
			};
			name = Debug;
		};
		CE63D0C129AC298900638539 /* Release */ = {
			isa = XCBuildConfiguration;
			buildSettings = {
				ALWAYS_SEARCH_USER_PATHS = NO;
				CLANG_ANALYZER_NONNULL = YES;
				CLANG_ANALYZER_NUMBER_OBJECT_CONVERSION = YES_AGGRESSIVE;
				CLANG_CXX_LANGUAGE_STANDARD = "gnu++20";
				CLANG_ENABLE_MODULES = YES;
				CLANG_ENABLE_OBJC_ARC = YES;
				CLANG_ENABLE_OBJC_WEAK = YES;
				CLANG_WARN_BLOCK_CAPTURE_AUTORELEASING = YES;
				CLANG_WARN_BOOL_CONVERSION = YES;
				CLANG_WARN_COMMA = YES;
				CLANG_WARN_CONSTANT_CONVERSION = YES;
				CLANG_WARN_DEPRECATED_OBJC_IMPLEMENTATIONS = YES;
				CLANG_WARN_DIRECT_OBJC_ISA_USAGE = YES_ERROR;
				CLANG_WARN_DOCUMENTATION_COMMENTS = YES;
				CLANG_WARN_EMPTY_BODY = YES;
				CLANG_WARN_ENUM_CONVERSION = YES;
				CLANG_WARN_INFINITE_RECURSION = YES;
				CLANG_WARN_INT_CONVERSION = YES;
				CLANG_WARN_NON_LITERAL_NULL_CONVERSION = YES;
				CLANG_WARN_OBJC_IMPLICIT_RETAIN_SELF = YES;
				CLANG_WARN_OBJC_LITERAL_CONVERSION = YES;
				CLANG_WARN_OBJC_ROOT_CLASS = YES_ERROR;
				CLANG_WARN_QUOTED_INCLUDE_IN_FRAMEWORK_HEADER = YES;
				CLANG_WARN_RANGE_LOOP_ANALYSIS = YES;
				CLANG_WARN_STRICT_PROTOTYPES = YES;
				CLANG_WARN_SUSPICIOUS_MOVE = YES;
				CLANG_WARN_UNGUARDED_AVAILABILITY = YES_AGGRESSIVE;
				CLANG_WARN_UNREACHABLE_CODE = YES;
				CLANG_WARN__DUPLICATE_METHOD_MATCH = YES;
				COPY_PHASE_STRIP = NO;
				DEBUG_INFORMATION_FORMAT = "dwarf-with-dsym";
				ENABLE_NS_ASSERTIONS = NO;
				ENABLE_STRICT_OBJC_MSGSEND = YES;
				GCC_C_LANGUAGE_STANDARD = gnu11;
				GCC_NO_COMMON_BLOCKS = YES;
				GCC_WARN_64_TO_32_BIT_CONVERSION = YES;
				GCC_WARN_ABOUT_RETURN_TYPE = YES_ERROR;
				GCC_WARN_UNDECLARED_SELECTOR = YES;
				GCC_WARN_UNINITIALIZED_AUTOS = YES_AGGRESSIVE;
				GCC_WARN_UNUSED_FUNCTION = YES;
				GCC_WARN_UNUSED_VARIABLE = YES;
				MTL_ENABLE_DEBUG_INFO = NO;
				MTL_FAST_MATH = YES;
				SWIFT_COMPILATION_MODE = wholemodule;
				SWIFT_OPTIMIZATION_LEVEL = "-O";
			};
			name = Release;
		};
		CE63D0C329AC298900638539 /* Debug */ = {
			isa = XCBuildConfiguration;
			buildSettings = {
				ASSETCATALOG_COMPILER_APPICON_NAME = AppIcon;
				ASSETCATALOG_COMPILER_GLOBAL_ACCENT_COLOR_NAME = AccentColor;
				CODE_SIGN_ENTITLEMENTS = PuppyLove/PuppyLove.entitlements;
				CODE_SIGN_STYLE = Automatic;
				CURRENT_PROJECT_VERSION = 1;
				DEVELOPMENT_ASSET_PATHS = "\"PuppyLove/Preview Content\"";
				DEVELOPMENT_TEAM = FX3V83UDP5;
				ENABLE_HARDENED_RUNTIME = YES;
				ENABLE_PREVIEWS = YES;
				GENERATE_INFOPLIST_FILE = YES;
				"INFOPLIST_KEY_UIApplicationSceneManifest_Generation[sdk=iphoneos*]" = YES;
				"INFOPLIST_KEY_UIApplicationSceneManifest_Generation[sdk=iphonesimulator*]" = YES;
				"INFOPLIST_KEY_UIApplicationSupportsIndirectInputEvents[sdk=iphoneos*]" = YES;
				"INFOPLIST_KEY_UIApplicationSupportsIndirectInputEvents[sdk=iphonesimulator*]" = YES;
				"INFOPLIST_KEY_UILaunchScreen_Generation[sdk=iphoneos*]" = YES;
				"INFOPLIST_KEY_UILaunchScreen_Generation[sdk=iphonesimulator*]" = YES;
				"INFOPLIST_KEY_UIStatusBarStyle[sdk=iphoneos*]" = UIStatusBarStyleDefault;
				"INFOPLIST_KEY_UIStatusBarStyle[sdk=iphonesimulator*]" = UIStatusBarStyleDefault;
				INFOPLIST_KEY_UISupportedInterfaceOrientations_iPad = "UIInterfaceOrientationPortrait UIInterfaceOrientationPortraitUpsideDown UIInterfaceOrientationLandscapeLeft UIInterfaceOrientationLandscapeRight";
				INFOPLIST_KEY_UISupportedInterfaceOrientations_iPhone = "UIInterfaceOrientationPortrait UIInterfaceOrientationLandscapeLeft UIInterfaceOrientationLandscapeRight";
				IPHONEOS_DEPLOYMENT_TARGET = 16.2;
				LD_RUNPATH_SEARCH_PATHS = "@executable_path/Frameworks";
				"LD_RUNPATH_SEARCH_PATHS[sdk=macosx*]" = "@executable_path/../Frameworks";
				MACOSX_DEPLOYMENT_TARGET = 13.0;
				MARKETING_VERSION = 1.0;
				PRODUCT_BUNDLE_IDENTIFIER = PuppyLove.PuppyLove;
				PRODUCT_NAME = "$(TARGET_NAME)";
				SDKROOT = auto;
				SUPPORTED_PLATFORMS = "iphoneos iphonesimulator macosx";
				SWIFT_EMIT_LOC_STRINGS = YES;
				SWIFT_VERSION = 5.0;
				TARGETED_DEVICE_FAMILY = "1,2";
			};
			name = Debug;
		};
		CE63D0C429AC298900638539 /* Release */ = {
			isa = XCBuildConfiguration;
			buildSettings = {
				ASSETCATALOG_COMPILER_APPICON_NAME = AppIcon;
				ASSETCATALOG_COMPILER_GLOBAL_ACCENT_COLOR_NAME = AccentColor;
				CODE_SIGN_ENTITLEMENTS = PuppyLove/PuppyLove.entitlements;
				CODE_SIGN_STYLE = Automatic;
				CURRENT_PROJECT_VERSION = 1;
				DEVELOPMENT_ASSET_PATHS = "\"PuppyLove/Preview Content\"";
				DEVELOPMENT_TEAM = FX3V83UDP5;
				ENABLE_HARDENED_RUNTIME = YES;
				ENABLE_PREVIEWS = YES;
				GENERATE_INFOPLIST_FILE = YES;
				"INFOPLIST_KEY_UIApplicationSceneManifest_Generation[sdk=iphoneos*]" = YES;
				"INFOPLIST_KEY_UIApplicationSceneManifest_Generation[sdk=iphonesimulator*]" = YES;
				"INFOPLIST_KEY_UIApplicationSupportsIndirectInputEvents[sdk=iphoneos*]" = YES;
				"INFOPLIST_KEY_UIApplicationSupportsIndirectInputEvents[sdk=iphonesimulator*]" = YES;
				"INFOPLIST_KEY_UILaunchScreen_Generation[sdk=iphoneos*]" = YES;
				"INFOPLIST_KEY_UILaunchScreen_Generation[sdk=iphonesimulator*]" = YES;
				"INFOPLIST_KEY_UIStatusBarStyle[sdk=iphoneos*]" = UIStatusBarStyleDefault;
				"INFOPLIST_KEY_UIStatusBarStyle[sdk=iphonesimulator*]" = UIStatusBarStyleDefault;
				INFOPLIST_KEY_UISupportedInterfaceOrientations_iPad = "UIInterfaceOrientationPortrait UIInterfaceOrientationPortraitUpsideDown UIInterfaceOrientationLandscapeLeft UIInterfaceOrientationLandscapeRight";
				INFOPLIST_KEY_UISupportedInterfaceOrientations_iPhone = "UIInterfaceOrientationPortrait UIInterfaceOrientationLandscapeLeft UIInterfaceOrientationLandscapeRight";
				IPHONEOS_DEPLOYMENT_TARGET = 16.2;
				LD_RUNPATH_SEARCH_PATHS = "@executable_path/Frameworks";
				"LD_RUNPATH_SEARCH_PATHS[sdk=macosx*]" = "@executable_path/../Frameworks";
				MACOSX_DEPLOYMENT_TARGET = 13.0;
				MARKETING_VERSION = 1.0;
				PRODUCT_BUNDLE_IDENTIFIER = PuppyLove.PuppyLove;
				PRODUCT_NAME = "$(TARGET_NAME)";
				SDKROOT = auto;
				SUPPORTED_PLATFORMS = "iphoneos iphonesimulator macosx";
				SWIFT_EMIT_LOC_STRINGS = YES;
				SWIFT_VERSION = 5.0;
				TARGETED_DEVICE_FAMILY = "1,2";
			};
			name = Release;
		};
		CE63D0C629AC298900638539 /* Debug */ = {
			isa = XCBuildConfiguration;
			buildSettings = {
				ALWAYS_EMBED_SWIFT_STANDARD_LIBRARIES = YES;
				BUNDLE_LOADER = "$(TEST_HOST)";
				CODE_SIGN_STYLE = Automatic;
				CURRENT_PROJECT_VERSION = 1;
				DEVELOPMENT_TEAM = FX3V83UDP5;
				GENERATE_INFOPLIST_FILE = YES;
				IPHONEOS_DEPLOYMENT_TARGET = 16.2;
				MACOSX_DEPLOYMENT_TARGET = 13.0;
				MARKETING_VERSION = 1.0;
				PRODUCT_BUNDLE_IDENTIFIER = PuppyLove.PuppyLoveTests;
				PRODUCT_NAME = "$(TARGET_NAME)";
				SDKROOT = auto;
				SUPPORTED_PLATFORMS = "iphoneos iphonesimulator macosx";
				SWIFT_EMIT_LOC_STRINGS = NO;
				SWIFT_VERSION = 5.0;
				TARGETED_DEVICE_FAMILY = "1,2";
				TEST_HOST = "$(BUILT_PRODUCTS_DIR)/PuppyLove.app/$(BUNDLE_EXECUTABLE_FOLDER_PATH)/PuppyLove";
			};
			name = Debug;
		};
		CE63D0C729AC298900638539 /* Release */ = {
			isa = XCBuildConfiguration;
			buildSettings = {
				ALWAYS_EMBED_SWIFT_STANDARD_LIBRARIES = YES;
				BUNDLE_LOADER = "$(TEST_HOST)";
				CODE_SIGN_STYLE = Automatic;
				CURRENT_PROJECT_VERSION = 1;
				DEVELOPMENT_TEAM = FX3V83UDP5;
				GENERATE_INFOPLIST_FILE = YES;
				IPHONEOS_DEPLOYMENT_TARGET = 16.2;
				MACOSX_DEPLOYMENT_TARGET = 13.0;
				MARKETING_VERSION = 1.0;
				PRODUCT_BUNDLE_IDENTIFIER = PuppyLove.PuppyLoveTests;
				PRODUCT_NAME = "$(TARGET_NAME)";
				SDKROOT = auto;
				SUPPORTED_PLATFORMS = "iphoneos iphonesimulator macosx";
				SWIFT_EMIT_LOC_STRINGS = NO;
				SWIFT_VERSION = 5.0;
				TARGETED_DEVICE_FAMILY = "1,2";
				TEST_HOST = "$(BUILT_PRODUCTS_DIR)/PuppyLove.app/$(BUNDLE_EXECUTABLE_FOLDER_PATH)/PuppyLove";
			};
			name = Release;
		};
		CE63D0C929AC298900638539 /* Debug */ = {
			isa = XCBuildConfiguration;
			buildSettings = {
				ALWAYS_EMBED_SWIFT_STANDARD_LIBRARIES = YES;
				CODE_SIGN_STYLE = Automatic;
				CURRENT_PROJECT_VERSION = 1;
				DEVELOPMENT_TEAM = FX3V83UDP5;
				GENERATE_INFOPLIST_FILE = YES;
				IPHONEOS_DEPLOYMENT_TARGET = 16.2;
				MACOSX_DEPLOYMENT_TARGET = 13.0;
				MARKETING_VERSION = 1.0;
				PRODUCT_BUNDLE_IDENTIFIER = PuppyLove.PuppyLoveUITests;
				PRODUCT_NAME = "$(TARGET_NAME)";
				SDKROOT = auto;
				SUPPORTED_PLATFORMS = "iphoneos iphonesimulator macosx";
				SWIFT_EMIT_LOC_STRINGS = NO;
				SWIFT_VERSION = 5.0;
				TARGETED_DEVICE_FAMILY = "1,2";
				TEST_TARGET_NAME = PuppyLove;
			};
			name = Debug;
		};
		CE63D0CA29AC298900638539 /* Release */ = {
			isa = XCBuildConfiguration;
			buildSettings = {
				ALWAYS_EMBED_SWIFT_STANDARD_LIBRARIES = YES;
				CODE_SIGN_STYLE = Automatic;
				CURRENT_PROJECT_VERSION = 1;
				DEVELOPMENT_TEAM = FX3V83UDP5;
				GENERATE_INFOPLIST_FILE = YES;
				IPHONEOS_DEPLOYMENT_TARGET = 16.2;
				MACOSX_DEPLOYMENT_TARGET = 13.0;
				MARKETING_VERSION = 1.0;
				PRODUCT_BUNDLE_IDENTIFIER = PuppyLove.PuppyLoveUITests;
				PRODUCT_NAME = "$(TARGET_NAME)";
				SDKROOT = auto;
				SUPPORTED_PLATFORMS = "iphoneos iphonesimulator macosx";
				SWIFT_EMIT_LOC_STRINGS = NO;
				SWIFT_VERSION = 5.0;
				TARGETED_DEVICE_FAMILY = "1,2";
				TEST_TARGET_NAME = PuppyLove;
			};
			name = Release;
		};
/* End XCBuildConfiguration section */

/* Begin XCConfigurationList section */
		CE63D09829AC298600638539 /* Build configuration list for PBXProject "PuppyLove" */ = {
			isa = XCConfigurationList;
			buildConfigurations = (
				CE63D0C029AC298900638539 /* Debug */,
				CE63D0C129AC298900638539 /* Release */,
			);
			defaultConfigurationIsVisible = 0;
			defaultConfigurationName = Release;
		};
		CE63D0C229AC298900638539 /* Build configuration list for PBXNativeTarget "PuppyLove" */ = {
			isa = XCConfigurationList;
			buildConfigurations = (
				CE63D0C329AC298900638539 /* Debug */,
				CE63D0C429AC298900638539 /* Release */,
			);
			defaultConfigurationIsVisible = 0;
			defaultConfigurationName = Release;
		};
		CE63D0C529AC298900638539 /* Build configuration list for PBXNativeTarget "PuppyLoveTests" */ = {
			isa = XCConfigurationList;
			buildConfigurations = (
				CE63D0C629AC298900638539 /* Debug */,
				CE63D0C729AC298900638539 /* Release */,
			);
			defaultConfigurationIsVisible = 0;
			defaultConfigurationName = Release;
		};
		CE63D0C829AC298900638539 /* Build configuration list for PBXNativeTarget "PuppyLoveUITests" */ = {
			isa = XCConfigurationList;
			buildConfigurations = (
				CE63D0C929AC298900638539 /* Debug */,
				CE63D0CA29AC298900638539 /* Release */,
			);
			defaultConfigurationIsVisible = 0;
			defaultConfigurationName = Release;
		};
/* End XCConfigurationList section */
	};
	rootObject = CE63D09529AC298600638539 /* Project object */;
}
