// !$*UTF8*$!
{
	archiveVersion = 1;
	classes = {
	};
	objectVersion = 56;
	objects = {

/* Begin PBXBuildFile section */
		19B481C629C18610009D7D5A /* PuppyLoveApp.swift in Sources */ = {isa = PBXBuildFile; fileRef = 19B481C529C18610009D7D5A /* PuppyLoveApp.swift */; };
		19B481D729C18611009D7D5A /* PuppyLoveTests.swift in Sources */ = {isa = PBXBuildFile; fileRef = 19B481D629C18611009D7D5A /* PuppyLoveTests.swift */; };
		19B481E129C18611009D7D5A /* PuppyLoveUITests.swift in Sources */ = {isa = PBXBuildFile; fileRef = 19B481E029C18611009D7D5A /* PuppyLoveUITests.swift */; };
		19B481E329C18611009D7D5A /* PuppyLoveUITestsLaunchTests.swift in Sources */ = {isa = PBXBuildFile; fileRef = 19B481E229C18611009D7D5A /* PuppyLoveUITestsLaunchTests.swift */; };
		19B481F129C2C8D4009D7D5A /* AppDelegate.swift in Sources */ = {isa = PBXBuildFile; fileRef = 19B481F029C2C8D4009D7D5A /* AppDelegate.swift */; };
		19B481F329C2D512009D7D5A /* LoginView.swift in Sources */ = {isa = PBXBuildFile; fileRef = 19B481F229C2D512009D7D5A /* LoginView.swift */; };
		2EE37C51F181BEC890D23980 /* Pods_PuppyLoveTests.framework in Frameworks */ = {isa = PBXBuildFile; fileRef = 82E7869EC8E1B26389FB1258 /* Pods_PuppyLoveTests.framework */; };
		31E82D5C29C64D4E00D66186 /* SignUpView.swift in Sources */ = {isa = PBXBuildFile; fileRef = 31E82D5B29C64D4E00D66186 /* SignUpView.swift */; };
		31E82D5E29C64D8A00D66186 /* AddDogView.swift in Sources */ = {isa = PBXBuildFile; fileRef = 31E82D5D29C64D8A00D66186 /* AddDogView.swift */; };
		31E82D6029C64D9A00D66186 /* UserPreferencesView.swift in Sources */ = {isa = PBXBuildFile; fileRef = 31E82D5F29C64D9A00D66186 /* UserPreferencesView.swift */; };
		31E82D6229C64DAD00D66186 /* UserInfoView.swift in Sources */ = {isa = PBXBuildFile; fileRef = 31E82D6129C64DAD00D66186 /* UserInfoView.swift */; };
		32EE4397A01B813C9AA528F6 /* Pods_PuppyLove_PuppyLoveUITests.framework in Frameworks */ = {isa = PBXBuildFile; fileRef = 4D622D8975343C8A3B3C70BB /* Pods_PuppyLove_PuppyLoveUITests.framework */; };
		43805DDA29DBC8AB00A02041 /* RecentMessage.swift in Sources */ = {isa = PBXBuildFile; fileRef = 43805DD829DBC8AB00A02041 /* RecentMessage.swift */; };
		43805DE529DCD5C400A02041 /* messagesTemp.swift in Sources */ = {isa = PBXBuildFile; fileRef = 43805DE429DCD5C400A02041 /* messagesTemp.swift */; };
		43805DEA29E375D200A02041 /* Dog.swift in Sources */ = {isa = PBXBuildFile; fileRef = 43805DE829E375D100A02041 /* Dog.swift */; };
		43805DEB29E375D200A02041 /* User.swift in Sources */ = {isa = PBXBuildFile; fileRef = 43805DE929E375D200A02041 /* User.swift */; };
		43E568D829CB7D5900E67CF6 /* Card.swift in Sources */ = {isa = PBXBuildFile; fileRef = 43E568D329CB7D5900E67CF6 /* Card.swift */; };
		43E568DB29CB8A3400E67CF6 /* ContentView.swift in Sources */ = {isa = PBXBuildFile; fileRef = 43E568DA29CB8A3400E67CF6 /* ContentView.swift */; };
		43E568E129CB8CA500E67CF6 /* CardsSection.swift in Sources */ = {isa = PBXBuildFile; fileRef = 43E568E029CB8CA500E67CF6 /* CardsSection.swift */; };
		43E568E329CB8CAD00E67CF6 /* CardView.swift in Sources */ = {isa = PBXBuildFile; fileRef = 43E568E229CB8CAD00E67CF6 /* CardView.swift */; };
		43E568E729CB8E1D00E67CF6 /* NavigationSection.swift in Sources */ = {isa = PBXBuildFile; fileRef = 43E568E629CB8E1D00E67CF6 /* NavigationSection.swift */; };
		43E568E929CB927A00E67CF6 /* Profile.swift in Sources */ = {isa = PBXBuildFile; fileRef = 43E568E829CB927A00E67CF6 /* Profile.swift */; };
		43E568EB29CBA01B00E67CF6 /* FooterSection.swift in Sources */ = {isa = PBXBuildFile; fileRef = 43E568EA29CBA01A00E67CF6 /* FooterSection.swift */; };
		43E568EF29D21DF500E67CF6 /* Breeds.swift in Sources */ = {isa = PBXBuildFile; fileRef = 43E568EE29D21DF500E67CF6 /* Breeds.swift */; };
		601F11C829DF6E0F0043B1C4 /* FirebaseManager.swift in Sources */ = {isa = PBXBuildFile; fileRef = 601F11C729DF6E0F0043B1C4 /* FirebaseManager.swift */; };
		601F11CA29DF6E390043B1C4 /* ChatUser.swift in Sources */ = {isa = PBXBuildFile; fileRef = 601F11C929DF6E390043B1C4 /* ChatUser.swift */; };
		601F11CC29DF80370043B1C4 /* GoogleService-Info.plist in Resources */ = {isa = PBXBuildFile; fileRef = 601F11CB29DF80370043B1C4 /* GoogleService-Info.plist */; };
		601F11CE29E081470043B1C4 /* FirebaseConstants.swift in Sources */ = {isa = PBXBuildFile; fileRef = 601F11CD29E081470043B1C4 /* FirebaseConstants.swift */; };
		601F11D229E089B60043B1C4 /* ChatMessage.swift in Sources */ = {isa = PBXBuildFile; fileRef = 601F11D029E089B60043B1C4 /* ChatMessage.swift */; };
		601F11D429E089D80043B1C4 /* ChatLogView.swift in Sources */ = {isa = PBXBuildFile; fileRef = 601F11D329E089D80043B1C4 /* ChatLogView.swift */; };
		601F11D629E08D250043B1C4 /* CreateNewMessageView.swift in Sources */ = {isa = PBXBuildFile; fileRef = 601F11D529E08D250043B1C4 /* CreateNewMessageView.swift */; };
		601F11E029E355FE0043B1C4 /* Matches.swift in Sources */ = {isa = PBXBuildFile; fileRef = 601F11DF29E355FE0043B1C4 /* Matches.swift */; };
		9336F26929D17EFB009DDCC0 /* Assets.xcassets in Resources */ = {isa = PBXBuildFile; fileRef = 9336F26529D17EFB009DDCC0 /* Assets.xcassets */; };
		9336F26A29D17EFB009DDCC0 /* Categories.swift in Sources */ = {isa = PBXBuildFile; fileRef = 9336F26629D17EFB009DDCC0 /* Categories.swift */; };
		9336F26B29D17EFB009DDCC0 /* PhotoPickerView.swift in Sources */ = {isa = PBXBuildFile; fileRef = 9336F26729D17EFB009DDCC0 /* PhotoPickerView.swift */; };
		9336F26C29D17EFB009DDCC0 /* Preview Content in Resources */ = {isa = PBXBuildFile; fileRef = 9336F26829D17EFB009DDCC0 /* Preview Content */; };
		A063E975EBDDC997CF612C23 /* Pods_PuppyLove.framework in Frameworks */ = {isa = PBXBuildFile; fileRef = 45A0FE35AB5D3D695310C620 /* Pods_PuppyLove.framework */; };
/* End PBXBuildFile section */

/* Begin PBXContainerItemProxy section */
		19B481D329C18611009D7D5A /* PBXContainerItemProxy */ = {
			isa = PBXContainerItemProxy;
			containerPortal = 19B481BA29C18610009D7D5A /* Project object */;
			proxyType = 1;
			remoteGlobalIDString = 19B481C129C18610009D7D5A;
			remoteInfo = PuppyLove;
		};
		19B481DD29C18611009D7D5A /* PBXContainerItemProxy */ = {
			isa = PBXContainerItemProxy;
			containerPortal = 19B481BA29C18610009D7D5A /* Project object */;
			proxyType = 1;
			remoteGlobalIDString = 19B481C129C18610009D7D5A;
			remoteInfo = PuppyLove;
		};
/* End PBXContainerItemProxy section */

/* Begin PBXFileReference section */
		19B481C229C18610009D7D5A /* PuppyLove.app */ = {isa = PBXFileReference; explicitFileType = wrapper.application; includeInIndex = 0; path = PuppyLove.app; sourceTree = BUILT_PRODUCTS_DIR; };
		19B481C529C18610009D7D5A /* PuppyLoveApp.swift */ = {isa = PBXFileReference; lastKnownFileType = sourcecode.swift; path = PuppyLoveApp.swift; sourceTree = "<group>"; };
		19B481D229C18611009D7D5A /* PuppyLoveTests.xctest */ = {isa = PBXFileReference; explicitFileType = wrapper.cfbundle; includeInIndex = 0; path = PuppyLoveTests.xctest; sourceTree = BUILT_PRODUCTS_DIR; };
		19B481D629C18611009D7D5A /* PuppyLoveTests.swift */ = {isa = PBXFileReference; lastKnownFileType = sourcecode.swift; path = PuppyLoveTests.swift; sourceTree = "<group>"; };
		19B481DC29C18611009D7D5A /* PuppyLoveUITests.xctest */ = {isa = PBXFileReference; explicitFileType = wrapper.cfbundle; includeInIndex = 0; path = PuppyLoveUITests.xctest; sourceTree = BUILT_PRODUCTS_DIR; };
		19B481E029C18611009D7D5A /* PuppyLoveUITests.swift */ = {isa = PBXFileReference; lastKnownFileType = sourcecode.swift; path = PuppyLoveUITests.swift; sourceTree = "<group>"; };
		19B481E229C18611009D7D5A /* PuppyLoveUITestsLaunchTests.swift */ = {isa = PBXFileReference; lastKnownFileType = sourcecode.swift; path = PuppyLoveUITestsLaunchTests.swift; sourceTree = "<group>"; };
		19B481EF29C2C275009D7D5A /* Info.plist */ = {isa = PBXFileReference; lastKnownFileType = text.plist; path = Info.plist; sourceTree = "<group>"; };
		19B481F029C2C8D4009D7D5A /* AppDelegate.swift */ = {isa = PBXFileReference; lastKnownFileType = sourcecode.swift; path = AppDelegate.swift; sourceTree = "<group>"; };
		19B481F229C2D512009D7D5A /* LoginView.swift */ = {isa = PBXFileReference; lastKnownFileType = sourcecode.swift; path = LoginView.swift; sourceTree = "<group>"; };
		31E82D5B29C64D4E00D66186 /* SignUpView.swift */ = {isa = PBXFileReference; lastKnownFileType = sourcecode.swift; path = SignUpView.swift; sourceTree = "<group>"; };
		31E82D5D29C64D8A00D66186 /* AddDogView.swift */ = {isa = PBXFileReference; lastKnownFileType = sourcecode.swift; path = AddDogView.swift; sourceTree = "<group>"; };
		31E82D5F29C64D9A00D66186 /* UserPreferencesView.swift */ = {isa = PBXFileReference; lastKnownFileType = sourcecode.swift; path = UserPreferencesView.swift; sourceTree = "<group>"; };
		31E82D6129C64DAD00D66186 /* UserInfoView.swift */ = {isa = PBXFileReference; lastKnownFileType = sourcecode.swift; path = UserInfoView.swift; sourceTree = "<group>"; };
		386A88C5DCEC619A5585F36E /* Pods-PuppyLove.release.xcconfig */ = {isa = PBXFileReference; includeInIndex = 1; lastKnownFileType = text.xcconfig; name = "Pods-PuppyLove.release.xcconfig"; path = "Target Support Files/Pods-PuppyLove/Pods-PuppyLove.release.xcconfig"; sourceTree = "<group>"; };
<<<<<<< HEAD
		43805DD829DBC8AB00A02041 /* RecentMessage.swift */ = {isa = PBXFileReference; lastKnownFileType = sourcecode.swift; path = RecentMessage.swift; sourceTree = "<group>"; };
		43805DE429DCD5C400A02041 /* messagesTemp.swift */ = {isa = PBXFileReference; lastKnownFileType = sourcecode.swift; path = messagesTemp.swift; sourceTree = "<group>"; };
=======
		43805DE829E375D100A02041 /* Dog.swift */ = {isa = PBXFileReference; fileEncoding = 4; lastKnownFileType = sourcecode.swift; path = Dog.swift; sourceTree = "<group>"; };
		43805DE929E375D200A02041 /* User.swift */ = {isa = PBXFileReference; fileEncoding = 4; lastKnownFileType = sourcecode.swift; path = User.swift; sourceTree = "<group>"; };
>>>>>>> mergedDemo3
		43E568D329CB7D5900E67CF6 /* Card.swift */ = {isa = PBXFileReference; fileEncoding = 4; lastKnownFileType = sourcecode.swift; path = Card.swift; sourceTree = "<group>"; };
		43E568DA29CB8A3400E67CF6 /* ContentView.swift */ = {isa = PBXFileReference; lastKnownFileType = sourcecode.swift; path = ContentView.swift; sourceTree = "<group>"; };
		43E568E029CB8CA500E67CF6 /* CardsSection.swift */ = {isa = PBXFileReference; lastKnownFileType = sourcecode.swift; path = CardsSection.swift; sourceTree = "<group>"; };
		43E568E229CB8CAD00E67CF6 /* CardView.swift */ = {isa = PBXFileReference; lastKnownFileType = sourcecode.swift; path = CardView.swift; sourceTree = "<group>"; };
		43E568E629CB8E1D00E67CF6 /* NavigationSection.swift */ = {isa = PBXFileReference; lastKnownFileType = sourcecode.swift; path = NavigationSection.swift; sourceTree = "<group>"; };
		43E568E829CB927A00E67CF6 /* Profile.swift */ = {isa = PBXFileReference; lastKnownFileType = sourcecode.swift; path = Profile.swift; sourceTree = "<group>"; };
		43E568EA29CBA01A00E67CF6 /* FooterSection.swift */ = {isa = PBXFileReference; fileEncoding = 4; lastKnownFileType = sourcecode.swift; path = FooterSection.swift; sourceTree = "<group>"; };
		43E568EE29D21DF500E67CF6 /* Breeds.swift */ = {isa = PBXFileReference; fileEncoding = 4; lastKnownFileType = sourcecode.swift; path = Breeds.swift; sourceTree = "<group>"; };
		45A0FE35AB5D3D695310C620 /* Pods_PuppyLove.framework */ = {isa = PBXFileReference; explicitFileType = wrapper.framework; includeInIndex = 0; path = Pods_PuppyLove.framework; sourceTree = BUILT_PRODUCTS_DIR; };
		4D622D8975343C8A3B3C70BB /* Pods_PuppyLove_PuppyLoveUITests.framework */ = {isa = PBXFileReference; explicitFileType = wrapper.framework; includeInIndex = 0; path = Pods_PuppyLove_PuppyLoveUITests.framework; sourceTree = BUILT_PRODUCTS_DIR; };
		55D1644494E06109540480A6 /* Pods-PuppyLove.debug.xcconfig */ = {isa = PBXFileReference; includeInIndex = 1; lastKnownFileType = text.xcconfig; name = "Pods-PuppyLove.debug.xcconfig"; path = "Target Support Files/Pods-PuppyLove/Pods-PuppyLove.debug.xcconfig"; sourceTree = "<group>"; };
		601F11C729DF6E0F0043B1C4 /* FirebaseManager.swift */ = {isa = PBXFileReference; fileEncoding = 4; lastKnownFileType = sourcecode.swift; path = FirebaseManager.swift; sourceTree = "<group>"; };
		601F11C929DF6E390043B1C4 /* ChatUser.swift */ = {isa = PBXFileReference; fileEncoding = 4; lastKnownFileType = sourcecode.swift; path = ChatUser.swift; sourceTree = "<group>"; };
		601F11CB29DF80370043B1C4 /* GoogleService-Info.plist */ = {isa = PBXFileReference; fileEncoding = 4; lastKnownFileType = text.plist.xml; path = "GoogleService-Info.plist"; sourceTree = "<group>"; };
		601F11CD29E081470043B1C4 /* FirebaseConstants.swift */ = {isa = PBXFileReference; fileEncoding = 4; lastKnownFileType = sourcecode.swift; path = FirebaseConstants.swift; sourceTree = "<group>"; };
		601F11D029E089B60043B1C4 /* ChatMessage.swift */ = {isa = PBXFileReference; fileEncoding = 4; lastKnownFileType = sourcecode.swift; path = ChatMessage.swift; sourceTree = "<group>"; };
		601F11D329E089D80043B1C4 /* ChatLogView.swift */ = {isa = PBXFileReference; fileEncoding = 4; lastKnownFileType = sourcecode.swift; path = ChatLogView.swift; sourceTree = "<group>"; };
		601F11D529E08D250043B1C4 /* CreateNewMessageView.swift */ = {isa = PBXFileReference; fileEncoding = 4; lastKnownFileType = sourcecode.swift; name = CreateNewMessageView.swift; path = "../../../../Downloads/LBTASwiftUIFirebaseChat-2/LBTASwiftUIFirebaseChat/MainMessages/NewMessage/CreateNewMessageView.swift"; sourceTree = "<group>"; };
		601F11DF29E355FE0043B1C4 /* Matches.swift */ = {isa = PBXFileReference; lastKnownFileType = sourcecode.swift; path = Matches.swift; sourceTree = "<group>"; };
		82E7869EC8E1B26389FB1258 /* Pods_PuppyLoveTests.framework */ = {isa = PBXFileReference; explicitFileType = wrapper.framework; includeInIndex = 0; path = Pods_PuppyLoveTests.framework; sourceTree = BUILT_PRODUCTS_DIR; };
		8A8D4DE69495E6C8AC7EA8E0 /* Pods-PuppyLove-PuppyLoveUITests.debug.xcconfig */ = {isa = PBXFileReference; includeInIndex = 1; lastKnownFileType = text.xcconfig; name = "Pods-PuppyLove-PuppyLoveUITests.debug.xcconfig"; path = "Target Support Files/Pods-PuppyLove-PuppyLoveUITests/Pods-PuppyLove-PuppyLoveUITests.debug.xcconfig"; sourceTree = "<group>"; };
		9336F26529D17EFB009DDCC0 /* Assets.xcassets */ = {isa = PBXFileReference; lastKnownFileType = folder.assetcatalog; path = Assets.xcassets; sourceTree = "<group>"; };
		9336F26629D17EFB009DDCC0 /* Categories.swift */ = {isa = PBXFileReference; fileEncoding = 4; lastKnownFileType = sourcecode.swift; path = Categories.swift; sourceTree = "<group>"; };
		9336F26729D17EFB009DDCC0 /* PhotoPickerView.swift */ = {isa = PBXFileReference; fileEncoding = 4; lastKnownFileType = sourcecode.swift; path = PhotoPickerView.swift; sourceTree = "<group>"; };
		9336F26829D17EFB009DDCC0 /* Preview Content */ = {isa = PBXFileReference; lastKnownFileType = folder; path = "Preview Content"; sourceTree = "<group>"; };
		CF22BF0F89772CF96F021895 /* Pods-PuppyLove-PuppyLoveUITests.release.xcconfig */ = {isa = PBXFileReference; includeInIndex = 1; lastKnownFileType = text.xcconfig; name = "Pods-PuppyLove-PuppyLoveUITests.release.xcconfig"; path = "Target Support Files/Pods-PuppyLove-PuppyLoveUITests/Pods-PuppyLove-PuppyLoveUITests.release.xcconfig"; sourceTree = "<group>"; };
		D18797BB9749132A1EE77C8C /* Pods-PuppyLoveTests.release.xcconfig */ = {isa = PBXFileReference; includeInIndex = 1; lastKnownFileType = text.xcconfig; name = "Pods-PuppyLoveTests.release.xcconfig"; path = "Target Support Files/Pods-PuppyLoveTests/Pods-PuppyLoveTests.release.xcconfig"; sourceTree = "<group>"; };
		E7195AF47D3BEB78A789905A /* Pods-PuppyLoveTests.debug.xcconfig */ = {isa = PBXFileReference; includeInIndex = 1; lastKnownFileType = text.xcconfig; name = "Pods-PuppyLoveTests.debug.xcconfig"; path = "Target Support Files/Pods-PuppyLoveTests/Pods-PuppyLoveTests.debug.xcconfig"; sourceTree = "<group>"; };
/* End PBXFileReference section */

/* Begin PBXFrameworksBuildPhase section */
		19B481BF29C18610009D7D5A /* Frameworks */ = {
			isa = PBXFrameworksBuildPhase;
			buildActionMask = 2147483647;
			files = (
				A063E975EBDDC997CF612C23 /* Pods_PuppyLove.framework in Frameworks */,
			);
			runOnlyForDeploymentPostprocessing = 0;
		};
		19B481CF29C18611009D7D5A /* Frameworks */ = {
			isa = PBXFrameworksBuildPhase;
			buildActionMask = 2147483647;
			files = (
				2EE37C51F181BEC890D23980 /* Pods_PuppyLoveTests.framework in Frameworks */,
			);
			runOnlyForDeploymentPostprocessing = 0;
		};
		19B481D929C18611009D7D5A /* Frameworks */ = {
			isa = PBXFrameworksBuildPhase;
			buildActionMask = 2147483647;
			files = (
				32EE4397A01B813C9AA528F6 /* Pods_PuppyLove_PuppyLoveUITests.framework in Frameworks */,
			);
			runOnlyForDeploymentPostprocessing = 0;
		};
/* End PBXFrameworksBuildPhase section */

/* Begin PBXGroup section */
		19B481B929C18610009D7D5A = {
			isa = PBXGroup;
			children = (
				19B481C429C18610009D7D5A /* PuppyLove */,
				19B481D529C18611009D7D5A /* PuppyLoveTests */,
				19B481DF29C18611009D7D5A /* PuppyLoveUITests */,
				19B481C329C18610009D7D5A /* Products */,
				5029A324062F3851FBA8D637 /* Pods */,
				70C77E7C15EE89048AB2C86C /* Frameworks */,
			);
			sourceTree = "<group>";
		};
		19B481C329C18610009D7D5A /* Products */ = {
			isa = PBXGroup;
			children = (
				19B481C229C18610009D7D5A /* PuppyLove.app */,
				19B481D229C18611009D7D5A /* PuppyLoveTests.xctest */,
				19B481DC29C18611009D7D5A /* PuppyLoveUITests.xctest */,
			);
			name = Products;
			sourceTree = "<group>";
		};
		19B481C429C18610009D7D5A /* PuppyLove */ = {
			isa = PBXGroup;
			children = (
				601F11D029E089B60043B1C4 /* ChatMessage.swift */,
				43805DD829DBC8AB00A02041 /* RecentMessage.swift */,
				43805DE429DCD5C400A02041 /* messagesTemp.swift */,
				601F11DF29E355FE0043B1C4 /* Matches.swift */,
				601F11C929DF6E390043B1C4 /* ChatUser.swift */,
				601F11D329E089D80043B1C4 /* ChatLogView.swift */,
				43E568E029CB8CA500E67CF6 /* CardsSection.swift */,
				601F11D529E08D250043B1C4 /* CreateNewMessageView.swift */,
				9336F26529D17EFB009DDCC0 /* Assets.xcassets */,
				9336F26629D17EFB009DDCC0 /* Categories.swift */,
				9336F26729D17EFB009DDCC0 /* PhotoPickerView.swift */,
				9336F26829D17EFB009DDCC0 /* Preview Content */,
				43E568EE29D21DF500E67CF6 /* Breeds.swift */,
				43E568D329CB7D5900E67CF6 /* Card.swift */,
				601F11CD29E081470043B1C4 /* FirebaseConstants.swift */,
				43E568EA29CBA01A00E67CF6 /* FooterSection.swift */,
				43E568E629CB8E1D00E67CF6 /* NavigationSection.swift */,
				43E568E229CB8CAD00E67CF6 /* CardView.swift */,
				43E568E829CB927A00E67CF6 /* Profile.swift */,
				19B481EF29C2C275009D7D5A /* Info.plist */,
				43E568DA29CB8A3400E67CF6 /* ContentView.swift */,
				19B481C529C18610009D7D5A /* PuppyLoveApp.swift */,
				601F11CB29DF80370043B1C4 /* GoogleService-Info.plist */,
				601F11C729DF6E0F0043B1C4 /* FirebaseManager.swift */,
				19B481F029C2C8D4009D7D5A /* AppDelegate.swift */,
				19B481F229C2D512009D7D5A /* LoginView.swift */,
				43805DE829E375D100A02041 /* Dog.swift */,
				43805DE929E375D200A02041 /* User.swift */,
				31E82D5B29C64D4E00D66186 /* SignUpView.swift */,
				31E82D5D29C64D8A00D66186 /* AddDogView.swift */,
				31E82D5F29C64D9A00D66186 /* UserPreferencesView.swift */,
				31E82D6129C64DAD00D66186 /* UserInfoView.swift */,
			);
			path = PuppyLove;
			sourceTree = "<group>";
		};
		19B481D529C18611009D7D5A /* PuppyLoveTests */ = {
			isa = PBXGroup;
			children = (
				19B481D629C18611009D7D5A /* PuppyLoveTests.swift */,
			);
			path = PuppyLoveTests;
			sourceTree = "<group>";
		};
		19B481DF29C18611009D7D5A /* PuppyLoveUITests */ = {
			isa = PBXGroup;
			children = (
				19B481E029C18611009D7D5A /* PuppyLoveUITests.swift */,
				19B481E229C18611009D7D5A /* PuppyLoveUITestsLaunchTests.swift */,
			);
			path = PuppyLoveUITests;
			sourceTree = "<group>";
		};
		5029A324062F3851FBA8D637 /* Pods */ = {
			isa = PBXGroup;
			children = (
				55D1644494E06109540480A6 /* Pods-PuppyLove.debug.xcconfig */,
				386A88C5DCEC619A5585F36E /* Pods-PuppyLove.release.xcconfig */,
				8A8D4DE69495E6C8AC7EA8E0 /* Pods-PuppyLove-PuppyLoveUITests.debug.xcconfig */,
				CF22BF0F89772CF96F021895 /* Pods-PuppyLove-PuppyLoveUITests.release.xcconfig */,
				E7195AF47D3BEB78A789905A /* Pods-PuppyLoveTests.debug.xcconfig */,
				D18797BB9749132A1EE77C8C /* Pods-PuppyLoveTests.release.xcconfig */,
			);
			path = Pods;
			sourceTree = "<group>";
		};
		70C77E7C15EE89048AB2C86C /* Frameworks */ = {
			isa = PBXGroup;
			children = (
				45A0FE35AB5D3D695310C620 /* Pods_PuppyLove.framework */,
				4D622D8975343C8A3B3C70BB /* Pods_PuppyLove_PuppyLoveUITests.framework */,
				82E7869EC8E1B26389FB1258 /* Pods_PuppyLoveTests.framework */,
			);
			name = Frameworks;
			sourceTree = "<group>";
		};
/* End PBXGroup section */

/* Begin PBXNativeTarget section */
		19B481C129C18610009D7D5A /* PuppyLove */ = {
			isa = PBXNativeTarget;
			buildConfigurationList = 19B481E629C18611009D7D5A /* Build configuration list for PBXNativeTarget "PuppyLove" */;
			buildPhases = (
				06F73BD91AAEEACE2B9B4674 /* [CP] Check Pods Manifest.lock */,
				19B481BE29C18610009D7D5A /* Sources */,
				19B481BF29C18610009D7D5A /* Frameworks */,
				19B481C029C18610009D7D5A /* Resources */,
				ED938B95439372F35755BCE5 /* [CP] Embed Pods Frameworks */,
			);
			buildRules = (
			);
			dependencies = (
			);
			name = PuppyLove;
			productName = PuppyLove;
			productReference = 19B481C229C18610009D7D5A /* PuppyLove.app */;
			productType = "com.apple.product-type.application";
		};
		19B481D129C18611009D7D5A /* PuppyLoveTests */ = {
			isa = PBXNativeTarget;
			buildConfigurationList = 19B481E929C18611009D7D5A /* Build configuration list for PBXNativeTarget "PuppyLoveTests" */;
			buildPhases = (
				E81E15287ED09A932A12085B /* [CP] Check Pods Manifest.lock */,
				19B481CE29C18611009D7D5A /* Sources */,
				19B481CF29C18611009D7D5A /* Frameworks */,
				19B481D029C18611009D7D5A /* Resources */,
			);
			buildRules = (
			);
			dependencies = (
				19B481D429C18611009D7D5A /* PBXTargetDependency */,
			);
			name = PuppyLoveTests;
			productName = PuppyLoveTests;
			productReference = 19B481D229C18611009D7D5A /* PuppyLoveTests.xctest */;
			productType = "com.apple.product-type.bundle.unit-test";
		};
		19B481DB29C18611009D7D5A /* PuppyLoveUITests */ = {
			isa = PBXNativeTarget;
			buildConfigurationList = 19B481EC29C18611009D7D5A /* Build configuration list for PBXNativeTarget "PuppyLoveUITests" */;
			buildPhases = (
				CC771D86293C17DD4C14DCB3 /* [CP] Check Pods Manifest.lock */,
				19B481D829C18611009D7D5A /* Sources */,
				19B481D929C18611009D7D5A /* Frameworks */,
				19B481DA29C18611009D7D5A /* Resources */,
				FB9D12D8EFC61763390E1AA2 /* [CP] Embed Pods Frameworks */,
			);
			buildRules = (
			);
			dependencies = (
				19B481DE29C18611009D7D5A /* PBXTargetDependency */,
			);
			name = PuppyLoveUITests;
			productName = PuppyLoveUITests;
			productReference = 19B481DC29C18611009D7D5A /* PuppyLoveUITests.xctest */;
			productType = "com.apple.product-type.bundle.ui-testing";
		};
/* End PBXNativeTarget section */

/* Begin PBXProject section */
		19B481BA29C18610009D7D5A /* Project object */ = {
			isa = PBXProject;
			attributes = {
				BuildIndependentTargetsInParallel = 1;
				LastSwiftUpdateCheck = 1420;
				LastUpgradeCheck = 1420;
				TargetAttributes = {
					19B481C129C18610009D7D5A = {
						CreatedOnToolsVersion = 14.2;
					};
					19B481D129C18611009D7D5A = {
						CreatedOnToolsVersion = 14.2;
						TestTargetID = 19B481C129C18610009D7D5A;
					};
					19B481DB29C18611009D7D5A = {
						CreatedOnToolsVersion = 14.2;
						TestTargetID = 19B481C129C18610009D7D5A;
					};
				};
			};
			buildConfigurationList = 19B481BD29C18610009D7D5A /* Build configuration list for PBXProject "PuppyLove" */;
			compatibilityVersion = "Xcode 14.0";
			developmentRegion = en;
			hasScannedForEncodings = 0;
			knownRegions = (
				en,
				Base,
			);
			mainGroup = 19B481B929C18610009D7D5A;
			productRefGroup = 19B481C329C18610009D7D5A /* Products */;
			projectDirPath = "";
			projectRoot = "";
			targets = (
				19B481C129C18610009D7D5A /* PuppyLove */,
				19B481D129C18611009D7D5A /* PuppyLoveTests */,
				19B481DB29C18611009D7D5A /* PuppyLoveUITests */,
			);
		};
/* End PBXProject section */

/* Begin PBXResourcesBuildPhase section */
		19B481C029C18610009D7D5A /* Resources */ = {
			isa = PBXResourcesBuildPhase;
			buildActionMask = 2147483647;
			files = (
				9336F26C29D17EFB009DDCC0 /* Preview Content in Resources */,
				601F11CC29DF80370043B1C4 /* GoogleService-Info.plist in Resources */,
				9336F26929D17EFB009DDCC0 /* Assets.xcassets in Resources */,
			);
			runOnlyForDeploymentPostprocessing = 0;
		};
		19B481D029C18611009D7D5A /* Resources */ = {
			isa = PBXResourcesBuildPhase;
			buildActionMask = 2147483647;
			files = (
			);
			runOnlyForDeploymentPostprocessing = 0;
		};
		19B481DA29C18611009D7D5A /* Resources */ = {
			isa = PBXResourcesBuildPhase;
			buildActionMask = 2147483647;
			files = (
			);
			runOnlyForDeploymentPostprocessing = 0;
		};
/* End PBXResourcesBuildPhase section */

/* Begin PBXShellScriptBuildPhase section */
		06F73BD91AAEEACE2B9B4674 /* [CP] Check Pods Manifest.lock */ = {
			isa = PBXShellScriptBuildPhase;
			buildActionMask = 2147483647;
			files = (
			);
			inputFileListPaths = (
			);
			inputPaths = (
				"${PODS_PODFILE_DIR_PATH}/Podfile.lock",
				"${PODS_ROOT}/Manifest.lock",
			);
			name = "[CP] Check Pods Manifest.lock";
			outputFileListPaths = (
			);
			outputPaths = (
				"$(DERIVED_FILE_DIR)/Pods-PuppyLove-checkManifestLockResult.txt",
			);
			runOnlyForDeploymentPostprocessing = 0;
			shellPath = /bin/sh;
			shellScript = "diff \"${PODS_PODFILE_DIR_PATH}/Podfile.lock\" \"${PODS_ROOT}/Manifest.lock\" > /dev/null\nif [ $? != 0 ] ; then\n    # print error to STDERR\n    echo \"error: The sandbox is not in sync with the Podfile.lock. Run 'pod install' or update your CocoaPods installation.\" >&2\n    exit 1\nfi\n# This output is used by Xcode 'outputs' to avoid re-running this script phase.\necho \"SUCCESS\" > \"${SCRIPT_OUTPUT_FILE_0}\"\n";
			showEnvVarsInLog = 0;
		};
		CC771D86293C17DD4C14DCB3 /* [CP] Check Pods Manifest.lock */ = {
			isa = PBXShellScriptBuildPhase;
			buildActionMask = 2147483647;
			files = (
			);
			inputFileListPaths = (
			);
			inputPaths = (
				"${PODS_PODFILE_DIR_PATH}/Podfile.lock",
				"${PODS_ROOT}/Manifest.lock",
			);
			name = "[CP] Check Pods Manifest.lock";
			outputFileListPaths = (
			);
			outputPaths = (
				"$(DERIVED_FILE_DIR)/Pods-PuppyLove-PuppyLoveUITests-checkManifestLockResult.txt",
			);
			runOnlyForDeploymentPostprocessing = 0;
			shellPath = /bin/sh;
			shellScript = "diff \"${PODS_PODFILE_DIR_PATH}/Podfile.lock\" \"${PODS_ROOT}/Manifest.lock\" > /dev/null\nif [ $? != 0 ] ; then\n    # print error to STDERR\n    echo \"error: The sandbox is not in sync with the Podfile.lock. Run 'pod install' or update your CocoaPods installation.\" >&2\n    exit 1\nfi\n# This output is used by Xcode 'outputs' to avoid re-running this script phase.\necho \"SUCCESS\" > \"${SCRIPT_OUTPUT_FILE_0}\"\n";
			showEnvVarsInLog = 0;
		};
		E81E15287ED09A932A12085B /* [CP] Check Pods Manifest.lock */ = {
			isa = PBXShellScriptBuildPhase;
			buildActionMask = 2147483647;
			files = (
			);
			inputFileListPaths = (
			);
			inputPaths = (
				"${PODS_PODFILE_DIR_PATH}/Podfile.lock",
				"${PODS_ROOT}/Manifest.lock",
			);
			name = "[CP] Check Pods Manifest.lock";
			outputFileListPaths = (
			);
			outputPaths = (
				"$(DERIVED_FILE_DIR)/Pods-PuppyLoveTests-checkManifestLockResult.txt",
			);
			runOnlyForDeploymentPostprocessing = 0;
			shellPath = /bin/sh;
			shellScript = "diff \"${PODS_PODFILE_DIR_PATH}/Podfile.lock\" \"${PODS_ROOT}/Manifest.lock\" > /dev/null\nif [ $? != 0 ] ; then\n    # print error to STDERR\n    echo \"error: The sandbox is not in sync with the Podfile.lock. Run 'pod install' or update your CocoaPods installation.\" >&2\n    exit 1\nfi\n# This output is used by Xcode 'outputs' to avoid re-running this script phase.\necho \"SUCCESS\" > \"${SCRIPT_OUTPUT_FILE_0}\"\n";
			showEnvVarsInLog = 0;
		};
		ED938B95439372F35755BCE5 /* [CP] Embed Pods Frameworks */ = {
			isa = PBXShellScriptBuildPhase;
			buildActionMask = 2147483647;
			files = (
			);
			inputFileListPaths = (
				"${PODS_ROOT}/Target Support Files/Pods-PuppyLove/Pods-PuppyLove-frameworks-${CONFIGURATION}-input-files.xcfilelist",
			);
			name = "[CP] Embed Pods Frameworks";
			outputFileListPaths = (
				"${PODS_ROOT}/Target Support Files/Pods-PuppyLove/Pods-PuppyLove-frameworks-${CONFIGURATION}-output-files.xcfilelist",
			);
			runOnlyForDeploymentPostprocessing = 0;
			shellPath = /bin/sh;
			shellScript = "\"${PODS_ROOT}/Target Support Files/Pods-PuppyLove/Pods-PuppyLove-frameworks.sh\"\n";
			showEnvVarsInLog = 0;
		};
		FB9D12D8EFC61763390E1AA2 /* [CP] Embed Pods Frameworks */ = {
			isa = PBXShellScriptBuildPhase;
			buildActionMask = 2147483647;
			files = (
			);
			inputFileListPaths = (
				"${PODS_ROOT}/Target Support Files/Pods-PuppyLove-PuppyLoveUITests/Pods-PuppyLove-PuppyLoveUITests-frameworks-${CONFIGURATION}-input-files.xcfilelist",
			);
			name = "[CP] Embed Pods Frameworks";
			outputFileListPaths = (
				"${PODS_ROOT}/Target Support Files/Pods-PuppyLove-PuppyLoveUITests/Pods-PuppyLove-PuppyLoveUITests-frameworks-${CONFIGURATION}-output-files.xcfilelist",
			);
			runOnlyForDeploymentPostprocessing = 0;
			shellPath = /bin/sh;
			shellScript = "\"${PODS_ROOT}/Target Support Files/Pods-PuppyLove-PuppyLoveUITests/Pods-PuppyLove-PuppyLoveUITests-frameworks.sh\"\n";
			showEnvVarsInLog = 0;
		};
/* End PBXShellScriptBuildPhase section */

/* Begin PBXSourcesBuildPhase section */
		19B481BE29C18610009D7D5A /* Sources */ = {
			isa = PBXSourcesBuildPhase;
			buildActionMask = 2147483647;
			files = (
				601F11CA29DF6E390043B1C4 /* ChatUser.swift in Sources */,
				43E568E329CB8CAD00E67CF6 /* CardView.swift in Sources */,
				43E568E929CB927A00E67CF6 /* Profile.swift in Sources */,
				31E82D5E29C64D8A00D66186 /* AddDogView.swift in Sources */,
				31E82D6029C64D9A00D66186 /* UserPreferencesView.swift in Sources */,
				43E568EF29D21DF500E67CF6 /* Breeds.swift in Sources */,
				9336F26A29D17EFB009DDCC0 /* Categories.swift in Sources */,
				31E82D6229C64DAD00D66186 /* UserInfoView.swift in Sources */,
				31E82D5C29C64D4E00D66186 /* SignUpView.swift in Sources */,
<<<<<<< HEAD
				601F11D229E089B60043B1C4 /* ChatMessage.swift in Sources */,
=======
				43805DEB29E375D200A02041 /* User.swift in Sources */,
>>>>>>> mergedDemo3
				19B481C629C18610009D7D5A /* PuppyLoveApp.swift in Sources */,
				43E568EB29CBA01B00E67CF6 /* FooterSection.swift in Sources */,
				43E568E729CB8E1D00E67CF6 /* NavigationSection.swift in Sources */,
				43E568E129CB8CA500E67CF6 /* CardsSection.swift in Sources */,
				601F11C829DF6E0F0043B1C4 /* FirebaseManager.swift in Sources */,
				43805DDA29DBC8AB00A02041 /* RecentMessage.swift in Sources */,
				601F11D429E089D80043B1C4 /* ChatLogView.swift in Sources */,
				43E568DB29CB8A3400E67CF6 /* ContentView.swift in Sources */,
				9336F26B29D17EFB009DDCC0 /* PhotoPickerView.swift in Sources */,
				43805DEA29E375D200A02041 /* Dog.swift in Sources */,
				43E568D829CB7D5900E67CF6 /* Card.swift in Sources */,
				19B481F329C2D512009D7D5A /* LoginView.swift in Sources */,
				19B481F129C2C8D4009D7D5A /* AppDelegate.swift in Sources */,
				601F11CE29E081470043B1C4 /* FirebaseConstants.swift in Sources */,
				601F11E029E355FE0043B1C4 /* Matches.swift in Sources */,
				43805DE529DCD5C400A02041 /* messagesTemp.swift in Sources */,
				601F11D629E08D250043B1C4 /* CreateNewMessageView.swift in Sources */,
			);
			runOnlyForDeploymentPostprocessing = 0;
		};
		19B481CE29C18611009D7D5A /* Sources */ = {
			isa = PBXSourcesBuildPhase;
			buildActionMask = 2147483647;
			files = (
				19B481D729C18611009D7D5A /* PuppyLoveTests.swift in Sources */,
			);
			runOnlyForDeploymentPostprocessing = 0;
		};
		19B481D829C18611009D7D5A /* Sources */ = {
			isa = PBXSourcesBuildPhase;
			buildActionMask = 2147483647;
			files = (
				19B481E129C18611009D7D5A /* PuppyLoveUITests.swift in Sources */,
				19B481E329C18611009D7D5A /* PuppyLoveUITestsLaunchTests.swift in Sources */,
			);
			runOnlyForDeploymentPostprocessing = 0;
		};
/* End PBXSourcesBuildPhase section */

/* Begin PBXTargetDependency section */
		19B481D429C18611009D7D5A /* PBXTargetDependency */ = {
			isa = PBXTargetDependency;
			target = 19B481C129C18610009D7D5A /* PuppyLove */;
			targetProxy = 19B481D329C18611009D7D5A /* PBXContainerItemProxy */;
		};
		19B481DE29C18611009D7D5A /* PBXTargetDependency */ = {
			isa = PBXTargetDependency;
			target = 19B481C129C18610009D7D5A /* PuppyLove */;
			targetProxy = 19B481DD29C18611009D7D5A /* PBXContainerItemProxy */;
		};
/* End PBXTargetDependency section */

/* Begin XCBuildConfiguration section */
		19B481E429C18611009D7D5A /* Debug */ = {
			isa = XCBuildConfiguration;
			buildSettings = {
				ALWAYS_SEARCH_USER_PATHS = NO;
				CLANG_ANALYZER_NONNULL = YES;
				CLANG_ANALYZER_NUMBER_OBJECT_CONVERSION = YES_AGGRESSIVE;
				CLANG_CXX_LANGUAGE_STANDARD = "gnu++20";
				CLANG_ENABLE_MODULES = YES;
				CLANG_ENABLE_OBJC_ARC = YES;
				CLANG_ENABLE_OBJC_WEAK = YES;
				CLANG_WARN_BLOCK_CAPTURE_AUTORELEASING = YES;
				CLANG_WARN_BOOL_CONVERSION = YES;
				CLANG_WARN_COMMA = YES;
				CLANG_WARN_CONSTANT_CONVERSION = YES;
				CLANG_WARN_DEPRECATED_OBJC_IMPLEMENTATIONS = YES;
				CLANG_WARN_DIRECT_OBJC_ISA_USAGE = YES_ERROR;
				CLANG_WARN_DOCUMENTATION_COMMENTS = YES;
				CLANG_WARN_EMPTY_BODY = YES;
				CLANG_WARN_ENUM_CONVERSION = YES;
				CLANG_WARN_INFINITE_RECURSION = YES;
				CLANG_WARN_INT_CONVERSION = YES;
				CLANG_WARN_NON_LITERAL_NULL_CONVERSION = YES;
				CLANG_WARN_OBJC_IMPLICIT_RETAIN_SELF = YES;
				CLANG_WARN_OBJC_LITERAL_CONVERSION = YES;
				CLANG_WARN_OBJC_ROOT_CLASS = YES_ERROR;
				CLANG_WARN_QUOTED_INCLUDE_IN_FRAMEWORK_HEADER = YES;
				CLANG_WARN_RANGE_LOOP_ANALYSIS = YES;
				CLANG_WARN_STRICT_PROTOTYPES = YES;
				CLANG_WARN_SUSPICIOUS_MOVE = YES;
				CLANG_WARN_UNGUARDED_AVAILABILITY = YES_AGGRESSIVE;
				CLANG_WARN_UNREACHABLE_CODE = YES;
				CLANG_WARN__DUPLICATE_METHOD_MATCH = YES;
				COPY_PHASE_STRIP = NO;
				DEBUG_INFORMATION_FORMAT = dwarf;
				ENABLE_STRICT_OBJC_MSGSEND = YES;
				ENABLE_TESTABILITY = YES;
				GCC_C_LANGUAGE_STANDARD = gnu11;
				GCC_DYNAMIC_NO_PIC = NO;
				GCC_NO_COMMON_BLOCKS = YES;
				GCC_OPTIMIZATION_LEVEL = 0;
				GCC_PREPROCESSOR_DEFINITIONS = (
					"DEBUG=1",
					"$(inherited)",
				);
				GCC_WARN_64_TO_32_BIT_CONVERSION = YES;
				GCC_WARN_ABOUT_RETURN_TYPE = YES_ERROR;
				GCC_WARN_UNDECLARED_SELECTOR = YES;
				GCC_WARN_UNINITIALIZED_AUTOS = YES_AGGRESSIVE;
				GCC_WARN_UNUSED_FUNCTION = YES;
				GCC_WARN_UNUSED_VARIABLE = YES;
				IPHONEOS_DEPLOYMENT_TARGET = 16.2;
				MTL_ENABLE_DEBUG_INFO = INCLUDE_SOURCE;
				MTL_FAST_MATH = YES;
				ONLY_ACTIVE_ARCH = YES;
				SDKROOT = iphoneos;
				SWIFT_ACTIVE_COMPILATION_CONDITIONS = DEBUG;
				SWIFT_OPTIMIZATION_LEVEL = "-Onone";
			};
			name = Debug;
		};
		19B481E529C18611009D7D5A /* Release */ = {
			isa = XCBuildConfiguration;
			buildSettings = {
				ALWAYS_SEARCH_USER_PATHS = NO;
				CLANG_ANALYZER_NONNULL = YES;
				CLANG_ANALYZER_NUMBER_OBJECT_CONVERSION = YES_AGGRESSIVE;
				CLANG_CXX_LANGUAGE_STANDARD = "gnu++20";
				CLANG_ENABLE_MODULES = YES;
				CLANG_ENABLE_OBJC_ARC = YES;
				CLANG_ENABLE_OBJC_WEAK = YES;
				CLANG_WARN_BLOCK_CAPTURE_AUTORELEASING = YES;
				CLANG_WARN_BOOL_CONVERSION = YES;
				CLANG_WARN_COMMA = YES;
				CLANG_WARN_CONSTANT_CONVERSION = YES;
				CLANG_WARN_DEPRECATED_OBJC_IMPLEMENTATIONS = YES;
				CLANG_WARN_DIRECT_OBJC_ISA_USAGE = YES_ERROR;
				CLANG_WARN_DOCUMENTATION_COMMENTS = YES;
				CLANG_WARN_EMPTY_BODY = YES;
				CLANG_WARN_ENUM_CONVERSION = YES;
				CLANG_WARN_INFINITE_RECURSION = YES;
				CLANG_WARN_INT_CONVERSION = YES;
				CLANG_WARN_NON_LITERAL_NULL_CONVERSION = YES;
				CLANG_WARN_OBJC_IMPLICIT_RETAIN_SELF = YES;
				CLANG_WARN_OBJC_LITERAL_CONVERSION = YES;
				CLANG_WARN_OBJC_ROOT_CLASS = YES_ERROR;
				CLANG_WARN_QUOTED_INCLUDE_IN_FRAMEWORK_HEADER = YES;
				CLANG_WARN_RANGE_LOOP_ANALYSIS = YES;
				CLANG_WARN_STRICT_PROTOTYPES = YES;
				CLANG_WARN_SUSPICIOUS_MOVE = YES;
				CLANG_WARN_UNGUARDED_AVAILABILITY = YES_AGGRESSIVE;
				CLANG_WARN_UNREACHABLE_CODE = YES;
				CLANG_WARN__DUPLICATE_METHOD_MATCH = YES;
				COPY_PHASE_STRIP = NO;
				DEBUG_INFORMATION_FORMAT = "dwarf-with-dsym";
				ENABLE_NS_ASSERTIONS = NO;
				ENABLE_STRICT_OBJC_MSGSEND = YES;
				GCC_C_LANGUAGE_STANDARD = gnu11;
				GCC_NO_COMMON_BLOCKS = YES;
				GCC_WARN_64_TO_32_BIT_CONVERSION = YES;
				GCC_WARN_ABOUT_RETURN_TYPE = YES_ERROR;
				GCC_WARN_UNDECLARED_SELECTOR = YES;
				GCC_WARN_UNINITIALIZED_AUTOS = YES_AGGRESSIVE;
				GCC_WARN_UNUSED_FUNCTION = YES;
				GCC_WARN_UNUSED_VARIABLE = YES;
				IPHONEOS_DEPLOYMENT_TARGET = 16.2;
				MTL_ENABLE_DEBUG_INFO = NO;
				MTL_FAST_MATH = YES;
				SDKROOT = iphoneos;
				SWIFT_COMPILATION_MODE = wholemodule;
				SWIFT_OPTIMIZATION_LEVEL = "-O";
				VALIDATE_PRODUCT = YES;
			};
			name = Release;
		};
		19B481E729C18611009D7D5A /* Debug */ = {
			isa = XCBuildConfiguration;
			baseConfigurationReference = 55D1644494E06109540480A6 /* Pods-PuppyLove.debug.xcconfig */;
			buildSettings = {
				ASSETCATALOG_COMPILER_APPICON_NAME = AppIcon;
				ASSETCATALOG_COMPILER_GLOBAL_ACCENT_COLOR_NAME = AccentColor;
				ASSETCATALOG_COMPILER_INCLUDE_ALL_APPICON_ASSETS = NO;
				CODE_SIGN_STYLE = Automatic;
				CURRENT_PROJECT_VERSION = 1;
				DEVELOPMENT_ASSET_PATHS = "\"PuppyLove/Preview Content\"";
				DEVELOPMENT_TEAM = V66SURL694;
				ENABLE_PREVIEWS = YES;
				GENERATE_INFOPLIST_FILE = YES;
				INFOPLIST_FILE = PuppyLove/Info.plist;
				INFOPLIST_KEY_UIApplicationSceneManifest_Generation = YES;
				INFOPLIST_KEY_UIApplicationSupportsIndirectInputEvents = YES;
				INFOPLIST_KEY_UILaunchScreen_Generation = YES;
				INFOPLIST_KEY_UISupportedInterfaceOrientations_iPad = "UIInterfaceOrientationPortrait UIInterfaceOrientationPortraitUpsideDown UIInterfaceOrientationLandscapeLeft UIInterfaceOrientationLandscapeRight";
				INFOPLIST_KEY_UISupportedInterfaceOrientations_iPhone = "UIInterfaceOrientationPortrait UIInterfaceOrientationLandscapeLeft UIInterfaceOrientationLandscapeRight";
				INFOPLIST_KEY_UIUserInterfaceStyle = Light;
				LD_RUNPATH_SEARCH_PATHS = (
					"$(inherited)",
					"@executable_path/Frameworks",
				);
				MARKETING_VERSION = 1.0;
				PRODUCT_BUNDLE_IDENTIFIER = PuppyLove.PuppyLove;
				PRODUCT_NAME = "$(TARGET_NAME)";
				SWIFT_EMIT_LOC_STRINGS = YES;
				SWIFT_VERSION = 5.0;
				TARGETED_DEVICE_FAMILY = "1,2";
			};
			name = Debug;
		};
		19B481E829C18611009D7D5A /* Release */ = {
			isa = XCBuildConfiguration;
			baseConfigurationReference = 386A88C5DCEC619A5585F36E /* Pods-PuppyLove.release.xcconfig */;
			buildSettings = {
				ASSETCATALOG_COMPILER_APPICON_NAME = AppIcon;
				ASSETCATALOG_COMPILER_GLOBAL_ACCENT_COLOR_NAME = AccentColor;
				ASSETCATALOG_COMPILER_INCLUDE_ALL_APPICON_ASSETS = NO;
				CODE_SIGN_STYLE = Automatic;
				CURRENT_PROJECT_VERSION = 1;
				DEVELOPMENT_ASSET_PATHS = "\"PuppyLove/Preview Content\"";
				DEVELOPMENT_TEAM = V66SURL694;
				ENABLE_PREVIEWS = YES;
				GENERATE_INFOPLIST_FILE = YES;
				INFOPLIST_FILE = PuppyLove/Info.plist;
				INFOPLIST_KEY_UIApplicationSceneManifest_Generation = YES;
				INFOPLIST_KEY_UIApplicationSupportsIndirectInputEvents = YES;
				INFOPLIST_KEY_UILaunchScreen_Generation = YES;
				INFOPLIST_KEY_UISupportedInterfaceOrientations_iPad = "UIInterfaceOrientationPortrait UIInterfaceOrientationPortraitUpsideDown UIInterfaceOrientationLandscapeLeft UIInterfaceOrientationLandscapeRight";
				INFOPLIST_KEY_UISupportedInterfaceOrientations_iPhone = "UIInterfaceOrientationPortrait UIInterfaceOrientationLandscapeLeft UIInterfaceOrientationLandscapeRight";
				INFOPLIST_KEY_UIUserInterfaceStyle = Light;
				LD_RUNPATH_SEARCH_PATHS = (
					"$(inherited)",
					"@executable_path/Frameworks",
				);
				MARKETING_VERSION = 1.0;
				PRODUCT_BUNDLE_IDENTIFIER = PuppyLove.PuppyLove;
				PRODUCT_NAME = "$(TARGET_NAME)";
				SWIFT_EMIT_LOC_STRINGS = YES;
				SWIFT_VERSION = 5.0;
				TARGETED_DEVICE_FAMILY = "1,2";
			};
			name = Release;
		};
		19B481EA29C18611009D7D5A /* Debug */ = {
			isa = XCBuildConfiguration;
			baseConfigurationReference = E7195AF47D3BEB78A789905A /* Pods-PuppyLoveTests.debug.xcconfig */;
			buildSettings = {
				ALWAYS_EMBED_SWIFT_STANDARD_LIBRARIES = YES;
				BUNDLE_LOADER = "$(TEST_HOST)";
				CODE_SIGN_STYLE = Automatic;
				CURRENT_PROJECT_VERSION = 1;
				DEVELOPMENT_TEAM = BC69T5F37M;
				GENERATE_INFOPLIST_FILE = YES;
				IPHONEOS_DEPLOYMENT_TARGET = 16.2;
				MARKETING_VERSION = 1.0;
				PRODUCT_BUNDLE_IDENTIFIER = PuppyLove.PuppyLoveTests;
				PRODUCT_NAME = "$(TARGET_NAME)";
				SWIFT_EMIT_LOC_STRINGS = NO;
				SWIFT_VERSION = 5.0;
				TARGETED_DEVICE_FAMILY = "1,2";
				TEST_HOST = "$(BUILT_PRODUCTS_DIR)/PuppyLove.app/$(BUNDLE_EXECUTABLE_FOLDER_PATH)/PuppyLove";
			};
			name = Debug;
		};
		19B481EB29C18611009D7D5A /* Release */ = {
			isa = XCBuildConfiguration;
			baseConfigurationReference = D18797BB9749132A1EE77C8C /* Pods-PuppyLoveTests.release.xcconfig */;
			buildSettings = {
				ALWAYS_EMBED_SWIFT_STANDARD_LIBRARIES = YES;
				BUNDLE_LOADER = "$(TEST_HOST)";
				CODE_SIGN_STYLE = Automatic;
				CURRENT_PROJECT_VERSION = 1;
				DEVELOPMENT_TEAM = BC69T5F37M;
				GENERATE_INFOPLIST_FILE = YES;
				IPHONEOS_DEPLOYMENT_TARGET = 16.2;
				MARKETING_VERSION = 1.0;
				PRODUCT_BUNDLE_IDENTIFIER = PuppyLove.PuppyLoveTests;
				PRODUCT_NAME = "$(TARGET_NAME)";
				SWIFT_EMIT_LOC_STRINGS = NO;
				SWIFT_VERSION = 5.0;
				TARGETED_DEVICE_FAMILY = "1,2";
				TEST_HOST = "$(BUILT_PRODUCTS_DIR)/PuppyLove.app/$(BUNDLE_EXECUTABLE_FOLDER_PATH)/PuppyLove";
			};
			name = Release;
		};
		19B481ED29C18611009D7D5A /* Debug */ = {
			isa = XCBuildConfiguration;
			baseConfigurationReference = 8A8D4DE69495E6C8AC7EA8E0 /* Pods-PuppyLove-PuppyLoveUITests.debug.xcconfig */;
			buildSettings = {
				ALWAYS_EMBED_SWIFT_STANDARD_LIBRARIES = YES;
				CODE_SIGN_STYLE = Automatic;
				CURRENT_PROJECT_VERSION = 1;
				DEVELOPMENT_TEAM = BC69T5F37M;
				GENERATE_INFOPLIST_FILE = YES;
				MARKETING_VERSION = 1.0;
				PRODUCT_BUNDLE_IDENTIFIER = PuppyLove.PuppyLoveUITests;
				PRODUCT_NAME = "$(TARGET_NAME)";
				SWIFT_EMIT_LOC_STRINGS = NO;
				SWIFT_VERSION = 5.0;
				TARGETED_DEVICE_FAMILY = "1,2";
				TEST_TARGET_NAME = PuppyLove;
			};
			name = Debug;
		};
		19B481EE29C18611009D7D5A /* Release */ = {
			isa = XCBuildConfiguration;
			baseConfigurationReference = CF22BF0F89772CF96F021895 /* Pods-PuppyLove-PuppyLoveUITests.release.xcconfig */;
			buildSettings = {
				ALWAYS_EMBED_SWIFT_STANDARD_LIBRARIES = YES;
				CODE_SIGN_STYLE = Automatic;
				CURRENT_PROJECT_VERSION = 1;
				DEVELOPMENT_TEAM = BC69T5F37M;
				GENERATE_INFOPLIST_FILE = YES;
				MARKETING_VERSION = 1.0;
				PRODUCT_BUNDLE_IDENTIFIER = PuppyLove.PuppyLoveUITests;
				PRODUCT_NAME = "$(TARGET_NAME)";
				SWIFT_EMIT_LOC_STRINGS = NO;
				SWIFT_VERSION = 5.0;
				TARGETED_DEVICE_FAMILY = "1,2";
				TEST_TARGET_NAME = PuppyLove;
			};
			name = Release;
		};
/* End XCBuildConfiguration section */

/* Begin XCConfigurationList section */
		19B481BD29C18610009D7D5A /* Build configuration list for PBXProject "PuppyLove" */ = {
			isa = XCConfigurationList;
			buildConfigurations = (
				19B481E429C18611009D7D5A /* Debug */,
				19B481E529C18611009D7D5A /* Release */,
			);
			defaultConfigurationIsVisible = 0;
			defaultConfigurationName = Release;
		};
		19B481E629C18611009D7D5A /* Build configuration list for PBXNativeTarget "PuppyLove" */ = {
			isa = XCConfigurationList;
			buildConfigurations = (
				19B481E729C18611009D7D5A /* Debug */,
				19B481E829C18611009D7D5A /* Release */,
			);
			defaultConfigurationIsVisible = 0;
			defaultConfigurationName = Release;
		};
		19B481E929C18611009D7D5A /* Build configuration list for PBXNativeTarget "PuppyLoveTests" */ = {
			isa = XCConfigurationList;
			buildConfigurations = (
				19B481EA29C18611009D7D5A /* Debug */,
				19B481EB29C18611009D7D5A /* Release */,
			);
			defaultConfigurationIsVisible = 0;
			defaultConfigurationName = Release;
		};
		19B481EC29C18611009D7D5A /* Build configuration list for PBXNativeTarget "PuppyLoveUITests" */ = {
			isa = XCConfigurationList;
			buildConfigurations = (
				19B481ED29C18611009D7D5A /* Debug */,
				19B481EE29C18611009D7D5A /* Release */,
			);
			defaultConfigurationIsVisible = 0;
			defaultConfigurationName = Release;
		};
/* End XCConfigurationList section */
	};
	rootObject = 19B481BA29C18610009D7D5A /* Project object */;
}
